Microsoft Visual Studio Solution File, Format Version 12.00
# Visual Studio 15
VisualStudioVersion = 15.0.28307.539
MinimumVisualStudioVersion = 10.0.40219.1
# This file is generated by MSBuildForUnity, it will get updated when the assembly definitions change.
Project("{9A19103F-16F7-4668-BE54-9A1E7A4F7556}") = "Microsoft.MixedReality.PhotoCapture", "E:\chrisfromwork\MixedReality-SpectatorView\src\SpectatorView.Unity\Assets\PhotoCapture\Microsoft.MixedReality.PhotoCapture.msb4u.csproj", "{055E7751-2989-6F04-9AAA-B953A244DF1C}"
	ProjectSection(ProjectDependencies) = postProject
	EndProjectSection
EndProject
Project("{9A19103F-16F7-4668-BE54-9A1E7A4F7556}") = "Microsoft.MixedReality.SpatialAlignment", "E:\chrisfromwork\MixedReality-SpectatorView\src\SpectatorView.Unity\Assets\SpatialAlignment\Microsoft.MixedReality.SpatialAlignment.msb4u.csproj", "{396E9E35-90CE-FD44-198C-D1E642263F09}"
	ProjectSection(ProjectDependencies) = postProject
	EndProjectSection
EndProject
Project("{9A19103F-16F7-4668-BE54-9A1E7A4F7556}") = "Unity.TextMeshPro", "E:\chrisfromwork\MixedReality-SpectatorView\src\SpectatorView.Unity\MSBuild\Projects\Unity.TextMeshPro.msb4u.csproj", "{6055BE8E-BEFD-69E4-8B49-212B09B47B2F}"
	ProjectSection(ProjectDependencies) = postProject
	EndProjectSection
EndProject
Project("{9A19103F-16F7-4668-BE54-9A1E7A4F7556}") = "Microsoft.MixedReality.SpectatorView.ExternalDependencies", "E:\chrisfromwork\MixedReality-SpectatorView\src\SpectatorView.Unity\Assets\SpectatorView.ExternalDependencies\Microsoft.MixedReality.SpectatorView.ExternalDependencies.msb4u.csproj", "{B14DD205-870C-0654-2A9D-D3D90FD967CB}"
	ProjectSection(ProjectDependencies) = postProject
	EndProjectSection
EndProject
Project("{9A19103F-16F7-4668-BE54-9A1E7A4F7556}") = "Unity.TextMeshPro.Editor", "E:\chrisfromwork\MixedReality-SpectatorView\src\SpectatorView.Unity\MSBuild\Projects\Unity.TextMeshPro.Editor.msb4u.csproj", "{6546D776-5B41-65B4-0850-B3667F981C26}"
	ProjectSection(ProjectDependencies) = postProject
		{6055BE8E-BEFD-69E4-8B49-212B09B47B2F} = {6055BE8E-BEFD-69E4-8B49-212B09B47B2F}
	EndProjectSection
EndProject
Project("{9A19103F-16F7-4668-BE54-9A1E7A4F7556}") = "Unity.PackageManagerUI.Editor", "E:\chrisfromwork\MixedReality-SpectatorView\src\SpectatorView.Unity\MSBuild\Projects\Unity.PackageManagerUI.Editor.msb4u.csproj", "{15A615C7-33AA-2409-09FE-0B28B0D5143C}"
	ProjectSection(ProjectDependencies) = postProject
	EndProjectSection
EndProject
Project("{9A19103F-16F7-4668-BE54-9A1E7A4F7556}") = "Unity.CollabProxy.Editor", "E:\chrisfromwork\MixedReality-SpectatorView\src\SpectatorView.Unity\MSBuild\Projects\Unity.CollabProxy.Editor.msb4u.csproj", "{645165C8-1694-74BF-BBEB-8FB0BCFD26F5}"
	ProjectSection(ProjectDependencies) = postProject
	EndProjectSection
EndProject
Project("{9A19103F-16F7-4668-BE54-9A1E7A4F7556}") = "MSBuildForUnity", "E:\chrisfromwork\MixedReality-SpectatorView\src\SpectatorView.Unity\MSBuild\Projects\MSBuildForUnity.msb4u.csproj", "{0DF1F49A-50F1-5354-5BF9-9E3DBB6674AD}"
	ProjectSection(ProjectDependencies) = postProject
	EndProjectSection
EndProject
Project("{9A19103F-16F7-4668-BE54-9A1E7A4F7556}") = "Unity.XR.WindowsMR", "E:\chrisfromwork\MixedReality-SpectatorView\src\SpectatorView.Unity\MSBuild\Projects\Unity.XR.WindowsMR.msb4u.csproj", "{33B4BC8F-F031-CA64-CB5B-84C47A40DD88}"
	ProjectSection(ProjectDependencies) = postProject
	EndProjectSection
EndProject
Project("{9A19103F-16F7-4668-BE54-9A1E7A4F7556}") = "Unity.Analytics.DataPrivacy", "E:\chrisfromwork\MixedReality-SpectatorView\src\SpectatorView.Unity\MSBuild\Projects\Unity.Analytics.DataPrivacy.msb4u.csproj", "{0FDA7EBE-61AB-2164-383D-10E32EFB9C6E}"
	ProjectSection(ProjectDependencies) = postProject
	EndProjectSection
EndProject
Project("{9A19103F-16F7-4668-BE54-9A1E7A4F7556}") = "Microsoft.MixedReality.SpectatorView", "E:\chrisfromwork\MixedReality-SpectatorView\src\SpectatorView.Unity\Assets\SpectatorView\Microsoft.MixedReality.SpectatorView.msb4u.csproj", "{CDB3C7B2-A792-97B4-B836-472544D312E6}"
	ProjectSection(ProjectDependencies) = postProject
		{055E7751-2989-6F04-9AAA-B953A244DF1C} = {055E7751-2989-6F04-9AAA-B953A244DF1C}
		{396E9E35-90CE-FD44-198C-D1E642263F09} = {396E9E35-90CE-FD44-198C-D1E642263F09}
		{6055BE8E-BEFD-69E4-8B49-212B09B47B2F} = {6055BE8E-BEFD-69E4-8B49-212B09B47B2F}
		{B14DD205-870C-0654-2A9D-D3D90FD967CB} = {B14DD205-870C-0654-2A9D-D3D90FD967CB}
	EndProjectSection
EndProject
Project("{9A19103F-16F7-4668-BE54-9A1E7A4F7556}") = "Microsoft.MixedReality.SpectatorView.Editor", "E:\chrisfromwork\MixedReality-SpectatorView\src\SpectatorView.Unity\Assets\SpectatorView.Editor\Microsoft.MixedReality.SpectatorView.Editor.msb4u.csproj", "{2426A099-181D-F8F4-0A73-894ABE74AA70}"
	ProjectSection(ProjectDependencies) = postProject
		{CDB3C7B2-A792-97B4-B836-472544D312E6} = {CDB3C7B2-A792-97B4-B836-472544D312E6}
		{055E7751-2989-6F04-9AAA-B953A244DF1C} = {055E7751-2989-6F04-9AAA-B953A244DF1C}
		{396E9E35-90CE-FD44-198C-D1E642263F09} = {396E9E35-90CE-FD44-198C-D1E642263F09}
	EndProjectSection
EndProject
Project("{9A19103F-16F7-4668-BE54-9A1E7A4F7556}") = "Unity.XR.WindowsMR.Editor", "E:\chrisfromwork\MixedReality-SpectatorView\src\SpectatorView.Unity\MSBuild\Projects\Unity.XR.WindowsMR.Editor.msb4u.csproj", "{0BBD462D-7DC8-F944-1973-A4C86A22E16E}"
	ProjectSection(ProjectDependencies) = postProject
		{33B4BC8F-F031-CA64-CB5B-84C47A40DD88} = {33B4BC8F-F031-CA64-CB5B-84C47A40DD88}
	EndProjectSection
EndProject
Project("{9A19103F-16F7-4668-BE54-9A1E7A4F7556}") = "Microsoft.MixedReality.SpectatorView.Tests", "E:\chrisfromwork\MixedReality-SpectatorView\src\SpectatorView.Unity\Assets\SpectatorView.Tests\Microsoft.MixedReality.SpectatorView.Tests.msb4u.csproj", "{5CD06987-0390-6034-CB45-6604ECF8919F}"
	ProjectSection(ProjectDependencies) = postProject
		{055E7751-2989-6F04-9AAA-B953A244DF1C} = {055E7751-2989-6F04-9AAA-B953A244DF1C}
		{396E9E35-90CE-FD44-198C-D1E642263F09} = {396E9E35-90CE-FD44-198C-D1E642263F09}
		{CDB3C7B2-A792-97B4-B836-472544D312E6} = {CDB3C7B2-A792-97B4-B836-472544D312E6}
	EndProjectSection
EndProject
Project("{9A19103F-16F7-4668-BE54-9A1E7A4F7556}") = "Assembly-CSharp", "E:\chrisfromwork\MixedReality-SpectatorView\src\SpectatorView.Unity\Assets\Assembly-CSharp.msb4u.csproj", "{5C2BF4C5-1F2C-4BE1-BE9C-50471AB872C9}"
	ProjectSection(ProjectDependencies) = postProject
		{055E7751-2989-6F04-9AAA-B953A244DF1C} = {055E7751-2989-6F04-9AAA-B953A244DF1C}
		{CDB3C7B2-A792-97B4-B836-472544D312E6} = {CDB3C7B2-A792-97B4-B836-472544D312E6}
		{396E9E35-90CE-FD44-198C-D1E642263F09} = {396E9E35-90CE-FD44-198C-D1E642263F09}
		{6546D776-5B41-65B4-0850-B3667F981C26} = {6546D776-5B41-65B4-0850-B3667F981C26}
		{15A615C7-33AA-2409-09FE-0B28B0D5143C} = {15A615C7-33AA-2409-09FE-0B28B0D5143C}
		{645165C8-1694-74BF-BBEB-8FB0BCFD26F5} = {645165C8-1694-74BF-BBEB-8FB0BCFD26F5}
		{2426A099-181D-F8F4-0A73-894ABE74AA70} = {2426A099-181D-F8F4-0A73-894ABE74AA70}
		{0DF1F49A-50F1-5354-5BF9-9E3DBB6674AD} = {0DF1F49A-50F1-5354-5BF9-9E3DBB6674AD}
		{0BBD462D-7DC8-F944-1973-A4C86A22E16E} = {0BBD462D-7DC8-F944-1973-A4C86A22E16E}
		{6055BE8E-BEFD-69E4-8B49-212B09B47B2F} = {6055BE8E-BEFD-69E4-8B49-212B09B47B2F}
		{0FDA7EBE-61AB-2164-383D-10E32EFB9C6E} = {0FDA7EBE-61AB-2164-383D-10E32EFB9C6E}
		{33B4BC8F-F031-CA64-CB5B-84C47A40DD88} = {33B4BC8F-F031-CA64-CB5B-84C47A40DD88}
	EndProjectSection
EndProject
Project("{9A19103F-16F7-4668-BE54-9A1E7A4F7556}") = "Dependencies", "E:\chrisfromwork\MixedReality-SpectatorView\src\SpectatorView.Unity\Assets\Dependencies.msb4u.csproj", "{F78B6258-F9D3-47C4-A0B6-2E08FBE7ADD2}"
	ProjectSection(ProjectDependencies) = postProject
	EndProjectSection
EndProject
Project("{2150E333-8FDC-42A3-9474-1A3956D46DE8}") = "Imported Packages", "Imported Packages", "{8C38F1F4-6AF8-4061-AA9F-2BEC0C9C2001}"
EndProject
Project("{2150E333-8FDC-42A3-9474-1A3956D46DE8}") = "External Packages", "External Packages", "{34E57D42-7D5E-4D5F-933A-D801617F247A}"
EndProject
Global
	GlobalSection(SolutionConfigurationPlatforms) = preSolution
		InEditor|Android = InEditor|Android
		Player|Android = Player|Android
		InEditor|iOS = InEditor|iOS
		Player|iOS = Player|iOS
		InEditor|WindowsStandalone32 = InEditor|WindowsStandalone32
		Player|WindowsStandalone32 = Player|WindowsStandalone32
		InEditor|WindowsStandalone64 = InEditor|WindowsStandalone64
		Player|WindowsStandalone64 = Player|WindowsStandalone64
		InEditor|WSA = InEditor|WSA
		Player|WSA = Player|WSA
	EndGlobalSection
	GlobalSection(ProjectConfigurationPlatforms) = postSolution
		{055E7751-2989-6F04-9AAA-B953A244DF1C}.InEditor|Android.ActiveCfg = InEditor|Android
		{055E7751-2989-6F04-9AAA-B953A244DF1C}.InEditor|iOS.ActiveCfg = InEditor|iOS
		{055E7751-2989-6F04-9AAA-B953A244DF1C}.InEditor|WindowsStandalone32.ActiveCfg = InEditor|WindowsStandalone32
		{055E7751-2989-6F04-9AAA-B953A244DF1C}.InEditor|WindowsStandalone64.ActiveCfg = InEditor|WindowsStandalone64
		{055E7751-2989-6F04-9AAA-B953A244DF1C}.InEditor|WSA.ActiveCfg = InEditor|WSA
		{055E7751-2989-6F04-9AAA-B953A244DF1C}.Player|Android.ActiveCfg = Player|Android
		{055E7751-2989-6F04-9AAA-B953A244DF1C}.Player|iOS.ActiveCfg = Player|iOS
		{055E7751-2989-6F04-9AAA-B953A244DF1C}.Player|WindowsStandalone32.ActiveCfg = Player|WindowsStandalone32
		{055E7751-2989-6F04-9AAA-B953A244DF1C}.Player|WindowsStandalone64.ActiveCfg = Player|WindowsStandalone64
		{055E7751-2989-6F04-9AAA-B953A244DF1C}.Player|WSA.ActiveCfg = Player|WSA
		{396E9E35-90CE-FD44-198C-D1E642263F09}.InEditor|Android.ActiveCfg = InEditor|Android
		{396E9E35-90CE-FD44-198C-D1E642263F09}.InEditor|iOS.ActiveCfg = InEditor|iOS
		{396E9E35-90CE-FD44-198C-D1E642263F09}.InEditor|WindowsStandalone32.ActiveCfg = InEditor|WindowsStandalone32
		{396E9E35-90CE-FD44-198C-D1E642263F09}.InEditor|WindowsStandalone64.ActiveCfg = InEditor|WindowsStandalone64
		{396E9E35-90CE-FD44-198C-D1E642263F09}.InEditor|WSA.ActiveCfg = InEditor|WSA
		{396E9E35-90CE-FD44-198C-D1E642263F09}.Player|Android.ActiveCfg = Player|Android
		{396E9E35-90CE-FD44-198C-D1E642263F09}.Player|iOS.ActiveCfg = Player|iOS
		{396E9E35-90CE-FD44-198C-D1E642263F09}.Player|WindowsStandalone32.ActiveCfg = Player|WindowsStandalone32
		{396E9E35-90CE-FD44-198C-D1E642263F09}.Player|WindowsStandalone64.ActiveCfg = Player|WindowsStandalone64
		{396E9E35-90CE-FD44-198C-D1E642263F09}.Player|WSA.ActiveCfg = Player|WSA
		{6055BE8E-BEFD-69E4-8B49-212B09B47B2F}.InEditor|Android.ActiveCfg = InEditor|Android
		{6055BE8E-BEFD-69E4-8B49-212B09B47B2F}.InEditor|iOS.ActiveCfg = InEditor|iOS
		{6055BE8E-BEFD-69E4-8B49-212B09B47B2F}.InEditor|WindowsStandalone32.ActiveCfg = InEditor|WindowsStandalone32
		{6055BE8E-BEFD-69E4-8B49-212B09B47B2F}.InEditor|WindowsStandalone64.ActiveCfg = InEditor|WindowsStandalone64
		{6055BE8E-BEFD-69E4-8B49-212B09B47B2F}.InEditor|WSA.ActiveCfg = InEditor|WSA
		{6055BE8E-BEFD-69E4-8B49-212B09B47B2F}.Player|Android.ActiveCfg = Player|Android
		{6055BE8E-BEFD-69E4-8B49-212B09B47B2F}.Player|iOS.ActiveCfg = Player|iOS
		{6055BE8E-BEFD-69E4-8B49-212B09B47B2F}.Player|WindowsStandalone32.ActiveCfg = Player|WindowsStandalone32
		{6055BE8E-BEFD-69E4-8B49-212B09B47B2F}.Player|WindowsStandalone64.ActiveCfg = Player|WindowsStandalone64
		{6055BE8E-BEFD-69E4-8B49-212B09B47B2F}.Player|WSA.ActiveCfg = Player|WSA
		{B14DD205-870C-0654-2A9D-D3D90FD967CB}.InEditor|Android.ActiveCfg = InEditor|Android
		{B14DD205-870C-0654-2A9D-D3D90FD967CB}.InEditor|iOS.ActiveCfg = InEditor|iOS
		{B14DD205-870C-0654-2A9D-D3D90FD967CB}.InEditor|WindowsStandalone32.ActiveCfg = InEditor|WindowsStandalone32
		{B14DD205-870C-0654-2A9D-D3D90FD967CB}.InEditor|WindowsStandalone64.ActiveCfg = InEditor|WindowsStandalone64
		{B14DD205-870C-0654-2A9D-D3D90FD967CB}.InEditor|WSA.ActiveCfg = InEditor|WSA
		{B14DD205-870C-0654-2A9D-D3D90FD967CB}.Player|Android.ActiveCfg = Player|Android
		{B14DD205-870C-0654-2A9D-D3D90FD967CB}.Player|iOS.ActiveCfg = Player|iOS
		{B14DD205-870C-0654-2A9D-D3D90FD967CB}.Player|WindowsStandalone32.ActiveCfg = Player|WindowsStandalone32
		{B14DD205-870C-0654-2A9D-D3D90FD967CB}.Player|WindowsStandalone64.ActiveCfg = Player|WindowsStandalone64
		{B14DD205-870C-0654-2A9D-D3D90FD967CB}.Player|WSA.ActiveCfg = Player|WSA
		{6546D776-5B41-65B4-0850-B3667F981C26}.InEditor|Android.ActiveCfg = InEditor|Android
		{6546D776-5B41-65B4-0850-B3667F981C26}.InEditor|iOS.ActiveCfg = InEditor|iOS
		{6546D776-5B41-65B4-0850-B3667F981C26}.InEditor|WindowsStandalone32.ActiveCfg = InEditor|WindowsStandalone32
		{6546D776-5B41-65B4-0850-B3667F981C26}.InEditor|WindowsStandalone64.ActiveCfg = InEditor|WindowsStandalone64
		{6546D776-5B41-65B4-0850-B3667F981C26}.InEditor|WSA.ActiveCfg = InEditor|WSA
		{6546D776-5B41-65B4-0850-B3667F981C26}.Player|Android.ActiveCfg = Player|Android
		{6546D776-5B41-65B4-0850-B3667F981C26}.Player|iOS.ActiveCfg = Player|iOS
		{6546D776-5B41-65B4-0850-B3667F981C26}.Player|WindowsStandalone32.ActiveCfg = Player|WindowsStandalone32
		{6546D776-5B41-65B4-0850-B3667F981C26}.Player|WindowsStandalone64.ActiveCfg = Player|WindowsStandalone64
		{6546D776-5B41-65B4-0850-B3667F981C26}.Player|WSA.ActiveCfg = Player|WSA
		{15A615C7-33AA-2409-09FE-0B28B0D5143C}.InEditor|Android.ActiveCfg = InEditor|Android
		{15A615C7-33AA-2409-09FE-0B28B0D5143C}.InEditor|iOS.ActiveCfg = InEditor|iOS
		{15A615C7-33AA-2409-09FE-0B28B0D5143C}.InEditor|WindowsStandalone32.ActiveCfg = InEditor|WindowsStandalone32
		{15A615C7-33AA-2409-09FE-0B28B0D5143C}.InEditor|WindowsStandalone64.ActiveCfg = InEditor|WindowsStandalone64
		{15A615C7-33AA-2409-09FE-0B28B0D5143C}.InEditor|WSA.ActiveCfg = InEditor|WSA
		{15A615C7-33AA-2409-09FE-0B28B0D5143C}.Player|Android.ActiveCfg = Player|Android
		{15A615C7-33AA-2409-09FE-0B28B0D5143C}.Player|iOS.ActiveCfg = Player|iOS
		{15A615C7-33AA-2409-09FE-0B28B0D5143C}.Player|WindowsStandalone32.ActiveCfg = Player|WindowsStandalone32
		{15A615C7-33AA-2409-09FE-0B28B0D5143C}.Player|WindowsStandalone64.ActiveCfg = Player|WindowsStandalone64
		{15A615C7-33AA-2409-09FE-0B28B0D5143C}.Player|WSA.ActiveCfg = Player|WSA
		{645165C8-1694-74BF-BBEB-8FB0BCFD26F5}.InEditor|Android.ActiveCfg = InEditor|Android
		{645165C8-1694-74BF-BBEB-8FB0BCFD26F5}.InEditor|iOS.ActiveCfg = InEditor|iOS
		{645165C8-1694-74BF-BBEB-8FB0BCFD26F5}.InEditor|WindowsStandalone32.ActiveCfg = InEditor|WindowsStandalone32
		{645165C8-1694-74BF-BBEB-8FB0BCFD26F5}.InEditor|WindowsStandalone64.ActiveCfg = InEditor|WindowsStandalone64
		{645165C8-1694-74BF-BBEB-8FB0BCFD26F5}.InEditor|WSA.ActiveCfg = InEditor|WSA
		{645165C8-1694-74BF-BBEB-8FB0BCFD26F5}.Player|Android.ActiveCfg = Player|Android
		{645165C8-1694-74BF-BBEB-8FB0BCFD26F5}.Player|iOS.ActiveCfg = Player|iOS
		{645165C8-1694-74BF-BBEB-8FB0BCFD26F5}.Player|WindowsStandalone32.ActiveCfg = Player|WindowsStandalone32
		{645165C8-1694-74BF-BBEB-8FB0BCFD26F5}.Player|WindowsStandalone64.ActiveCfg = Player|WindowsStandalone64
		{645165C8-1694-74BF-BBEB-8FB0BCFD26F5}.Player|WSA.ActiveCfg = Player|WSA
		{0DF1F49A-50F1-5354-5BF9-9E3DBB6674AD}.InEditor|Android.ActiveCfg = InEditor|Android
		{0DF1F49A-50F1-5354-5BF9-9E3DBB6674AD}.InEditor|iOS.ActiveCfg = InEditor|iOS
		{0DF1F49A-50F1-5354-5BF9-9E3DBB6674AD}.InEditor|WindowsStandalone32.ActiveCfg = InEditor|WindowsStandalone32
		{0DF1F49A-50F1-5354-5BF9-9E3DBB6674AD}.InEditor|WindowsStandalone64.ActiveCfg = InEditor|WindowsStandalone64
		{0DF1F49A-50F1-5354-5BF9-9E3DBB6674AD}.InEditor|WSA.ActiveCfg = InEditor|WSA
		{0DF1F49A-50F1-5354-5BF9-9E3DBB6674AD}.Player|Android.ActiveCfg = Player|Android
		{0DF1F49A-50F1-5354-5BF9-9E3DBB6674AD}.Player|iOS.ActiveCfg = Player|iOS
		{0DF1F49A-50F1-5354-5BF9-9E3DBB6674AD}.Player|WindowsStandalone32.ActiveCfg = Player|WindowsStandalone32
		{0DF1F49A-50F1-5354-5BF9-9E3DBB6674AD}.Player|WindowsStandalone64.ActiveCfg = Player|WindowsStandalone64
		{0DF1F49A-50F1-5354-5BF9-9E3DBB6674AD}.Player|WSA.ActiveCfg = Player|WSA
		{33B4BC8F-F031-CA64-CB5B-84C47A40DD88}.InEditor|Android.ActiveCfg = InEditor|Android
		{33B4BC8F-F031-CA64-CB5B-84C47A40DD88}.InEditor|iOS.ActiveCfg = InEditor|iOS
		{33B4BC8F-F031-CA64-CB5B-84C47A40DD88}.InEditor|WindowsStandalone32.ActiveCfg = InEditor|WindowsStandalone32
		{33B4BC8F-F031-CA64-CB5B-84C47A40DD88}.InEditor|WindowsStandalone64.ActiveCfg = InEditor|WindowsStandalone64
		{33B4BC8F-F031-CA64-CB5B-84C47A40DD88}.InEditor|WSA.ActiveCfg = InEditor|WSA
		{33B4BC8F-F031-CA64-CB5B-84C47A40DD88}.Player|Android.ActiveCfg = Player|Android
		{33B4BC8F-F031-CA64-CB5B-84C47A40DD88}.Player|iOS.ActiveCfg = Player|iOS
		{33B4BC8F-F031-CA64-CB5B-84C47A40DD88}.Player|WindowsStandalone32.ActiveCfg = Player|WindowsStandalone32
		{33B4BC8F-F031-CA64-CB5B-84C47A40DD88}.Player|WindowsStandalone64.ActiveCfg = Player|WindowsStandalone64
		{33B4BC8F-F031-CA64-CB5B-84C47A40DD88}.Player|WSA.ActiveCfg = Player|WSA
		{0FDA7EBE-61AB-2164-383D-10E32EFB9C6E}.InEditor|Android.ActiveCfg = InEditor|Android
		{0FDA7EBE-61AB-2164-383D-10E32EFB9C6E}.InEditor|iOS.ActiveCfg = InEditor|iOS
		{0FDA7EBE-61AB-2164-383D-10E32EFB9C6E}.InEditor|WindowsStandalone32.ActiveCfg = InEditor|WindowsStandalone32
		{0FDA7EBE-61AB-2164-383D-10E32EFB9C6E}.InEditor|WindowsStandalone64.ActiveCfg = InEditor|WindowsStandalone64
		{0FDA7EBE-61AB-2164-383D-10E32EFB9C6E}.InEditor|WSA.ActiveCfg = InEditor|WSA
		{0FDA7EBE-61AB-2164-383D-10E32EFB9C6E}.Player|Android.ActiveCfg = Player|Android
		{0FDA7EBE-61AB-2164-383D-10E32EFB9C6E}.Player|iOS.ActiveCfg = Player|iOS
		{0FDA7EBE-61AB-2164-383D-10E32EFB9C6E}.Player|WindowsStandalone32.ActiveCfg = Player|WindowsStandalone32
		{0FDA7EBE-61AB-2164-383D-10E32EFB9C6E}.Player|WindowsStandalone64.ActiveCfg = Player|WindowsStandalone64
		{0FDA7EBE-61AB-2164-383D-10E32EFB9C6E}.Player|WSA.ActiveCfg = Player|WSA
		{CDB3C7B2-A792-97B4-B836-472544D312E6}.InEditor|Android.ActiveCfg = InEditor|Android
		{CDB3C7B2-A792-97B4-B836-472544D312E6}.InEditor|iOS.ActiveCfg = InEditor|iOS
		{CDB3C7B2-A792-97B4-B836-472544D312E6}.InEditor|WindowsStandalone32.ActiveCfg = InEditor|WindowsStandalone32
		{CDB3C7B2-A792-97B4-B836-472544D312E6}.InEditor|WindowsStandalone64.ActiveCfg = InEditor|WindowsStandalone64
		{CDB3C7B2-A792-97B4-B836-472544D312E6}.InEditor|WSA.ActiveCfg = InEditor|WSA
		{CDB3C7B2-A792-97B4-B836-472544D312E6}.Player|Android.ActiveCfg = Player|Android
		{CDB3C7B2-A792-97B4-B836-472544D312E6}.Player|iOS.ActiveCfg = Player|iOS
		{CDB3C7B2-A792-97B4-B836-472544D312E6}.Player|WindowsStandalone32.ActiveCfg = Player|WindowsStandalone32
		{CDB3C7B2-A792-97B4-B836-472544D312E6}.Player|WindowsStandalone64.ActiveCfg = Player|WindowsStandalone64
		{CDB3C7B2-A792-97B4-B836-472544D312E6}.Player|WSA.ActiveCfg = Player|WSA
		{2426A099-181D-F8F4-0A73-894ABE74AA70}.InEditor|Android.ActiveCfg = InEditor|Android
		{2426A099-181D-F8F4-0A73-894ABE74AA70}.InEditor|iOS.ActiveCfg = InEditor|iOS
		{2426A099-181D-F8F4-0A73-894ABE74AA70}.InEditor|WindowsStandalone32.ActiveCfg = InEditor|WindowsStandalone32
		{2426A099-181D-F8F4-0A73-894ABE74AA70}.InEditor|WindowsStandalone64.ActiveCfg = InEditor|WindowsStandalone64
		{2426A099-181D-F8F4-0A73-894ABE74AA70}.InEditor|WSA.ActiveCfg = InEditor|WSA
		{2426A099-181D-F8F4-0A73-894ABE74AA70}.Player|Android.ActiveCfg = Player|Android
		{2426A099-181D-F8F4-0A73-894ABE74AA70}.Player|iOS.ActiveCfg = Player|iOS
		{2426A099-181D-F8F4-0A73-894ABE74AA70}.Player|WindowsStandalone32.ActiveCfg = Player|WindowsStandalone32
		{2426A099-181D-F8F4-0A73-894ABE74AA70}.Player|WindowsStandalone64.ActiveCfg = Player|WindowsStandalone64
		{2426A099-181D-F8F4-0A73-894ABE74AA70}.Player|WSA.ActiveCfg = Player|WSA
		{0BBD462D-7DC8-F944-1973-A4C86A22E16E}.InEditor|Android.ActiveCfg = InEditor|Android
		{0BBD462D-7DC8-F944-1973-A4C86A22E16E}.InEditor|iOS.ActiveCfg = InEditor|iOS
		{0BBD462D-7DC8-F944-1973-A4C86A22E16E}.InEditor|WindowsStandalone32.ActiveCfg = InEditor|WindowsStandalone32
		{0BBD462D-7DC8-F944-1973-A4C86A22E16E}.InEditor|WindowsStandalone64.ActiveCfg = InEditor|WindowsStandalone64
		{0BBD462D-7DC8-F944-1973-A4C86A22E16E}.InEditor|WSA.ActiveCfg = InEditor|WSA
		{0BBD462D-7DC8-F944-1973-A4C86A22E16E}.Player|Android.ActiveCfg = Player|Android
		{0BBD462D-7DC8-F944-1973-A4C86A22E16E}.Player|iOS.ActiveCfg = Player|iOS
		{0BBD462D-7DC8-F944-1973-A4C86A22E16E}.Player|WindowsStandalone32.ActiveCfg = Player|WindowsStandalone32
		{0BBD462D-7DC8-F944-1973-A4C86A22E16E}.Player|WindowsStandalone64.ActiveCfg = Player|WindowsStandalone64
		{0BBD462D-7DC8-F944-1973-A4C86A22E16E}.Player|WSA.ActiveCfg = Player|WSA
		{5CD06987-0390-6034-CB45-6604ECF8919F}.InEditor|Android.ActiveCfg = InEditor|Android
		{5CD06987-0390-6034-CB45-6604ECF8919F}.InEditor|iOS.ActiveCfg = InEditor|iOS
		{5CD06987-0390-6034-CB45-6604ECF8919F}.InEditor|WindowsStandalone32.ActiveCfg = InEditor|WindowsStandalone32
		{5CD06987-0390-6034-CB45-6604ECF8919F}.InEditor|WindowsStandalone64.ActiveCfg = InEditor|WindowsStandalone64
		{5CD06987-0390-6034-CB45-6604ECF8919F}.InEditor|WSA.ActiveCfg = InEditor|WSA
		{5CD06987-0390-6034-CB45-6604ECF8919F}.Player|Android.ActiveCfg = Player|Android
		{5CD06987-0390-6034-CB45-6604ECF8919F}.Player|iOS.ActiveCfg = Player|iOS
		{5CD06987-0390-6034-CB45-6604ECF8919F}.Player|WindowsStandalone32.ActiveCfg = Player|WindowsStandalone32
		{5CD06987-0390-6034-CB45-6604ECF8919F}.Player|WindowsStandalone64.ActiveCfg = Player|WindowsStandalone64
		{5CD06987-0390-6034-CB45-6604ECF8919F}.Player|WSA.ActiveCfg = Player|WSA
		{5C2BF4C5-1F2C-4BE1-BE9C-50471AB872C9}.InEditor|Android.ActiveCfg = InEditor|Android
		{5C2BF4C5-1F2C-4BE1-BE9C-50471AB872C9}.InEditor|iOS.ActiveCfg = InEditor|iOS
		{5C2BF4C5-1F2C-4BE1-BE9C-50471AB872C9}.InEditor|WindowsStandalone32.ActiveCfg = InEditor|WindowsStandalone32
		{5C2BF4C5-1F2C-4BE1-BE9C-50471AB872C9}.InEditor|WindowsStandalone64.ActiveCfg = InEditor|WindowsStandalone64
		{5C2BF4C5-1F2C-4BE1-BE9C-50471AB872C9}.InEditor|WSA.ActiveCfg = InEditor|WSA
		{5C2BF4C5-1F2C-4BE1-BE9C-50471AB872C9}.Player|Android.ActiveCfg = Player|Android
		{5C2BF4C5-1F2C-4BE1-BE9C-50471AB872C9}.Player|iOS.ActiveCfg = Player|iOS
		{5C2BF4C5-1F2C-4BE1-BE9C-50471AB872C9}.Player|WindowsStandalone32.ActiveCfg = Player|WindowsStandalone32
		{5C2BF4C5-1F2C-4BE1-BE9C-50471AB872C9}.Player|WindowsStandalone64.ActiveCfg = Player|WindowsStandalone64
		{5C2BF4C5-1F2C-4BE1-BE9C-50471AB872C9}.Player|WSA.ActiveCfg = Player|WSA
		{055E7751-2989-6F04-9AAA-B953A244DF1C}.InEditor|Android.Build.0 = InEditor|Android
		{055E7751-2989-6F04-9AAA-B953A244DF1C}.InEditor|iOS.Build.0 = InEditor|iOS
		{055E7751-2989-6F04-9AAA-B953A244DF1C}.InEditor|WindowsStandalone32.Build.0 = InEditor|WindowsStandalone32
		{055E7751-2989-6F04-9AAA-B953A244DF1C}.InEditor|WindowsStandalone64.Build.0 = InEditor|WindowsStandalone64
		{055E7751-2989-6F04-9AAA-B953A244DF1C}.InEditor|WSA.Build.0 = InEditor|WSA
		{055E7751-2989-6F04-9AAA-B953A244DF1C}.Player|Android.Build.0 = Player|Android
		{055E7751-2989-6F04-9AAA-B953A244DF1C}.Player|iOS.Build.0 = Player|iOS
		{055E7751-2989-6F04-9AAA-B953A244DF1C}.Player|WindowsStandalone32.Build.0 = Player|WindowsStandalone32
		{055E7751-2989-6F04-9AAA-B953A244DF1C}.Player|WindowsStandalone64.Build.0 = Player|WindowsStandalone64
		{055E7751-2989-6F04-9AAA-B953A244DF1C}.Player|WSA.Build.0 = Player|WSA
		{396E9E35-90CE-FD44-198C-D1E642263F09}.InEditor|Android.Build.0 = InEditor|Android
		{396E9E35-90CE-FD44-198C-D1E642263F09}.InEditor|iOS.Build.0 = InEditor|iOS
		{396E9E35-90CE-FD44-198C-D1E642263F09}.InEditor|WindowsStandalone32.Build.0 = InEditor|WindowsStandalone32
		{396E9E35-90CE-FD44-198C-D1E642263F09}.InEditor|WindowsStandalone64.Build.0 = InEditor|WindowsStandalone64
		{396E9E35-90CE-FD44-198C-D1E642263F09}.InEditor|WSA.Build.0 = InEditor|WSA
		{396E9E35-90CE-FD44-198C-D1E642263F09}.Player|Android.Build.0 = Player|Android
		{396E9E35-90CE-FD44-198C-D1E642263F09}.Player|iOS.Build.0 = Player|iOS
		{396E9E35-90CE-FD44-198C-D1E642263F09}.Player|WindowsStandalone32.Build.0 = Player|WindowsStandalone32
		{396E9E35-90CE-FD44-198C-D1E642263F09}.Player|WindowsStandalone64.Build.0 = Player|WindowsStandalone64
		{396E9E35-90CE-FD44-198C-D1E642263F09}.Player|WSA.Build.0 = Player|WSA
		{6055BE8E-BEFD-69E4-8B49-212B09B47B2F}.InEditor|Android.Build.0 = InEditor|Android
		{6055BE8E-BEFD-69E4-8B49-212B09B47B2F}.InEditor|iOS.Build.0 = InEditor|iOS
		{6055BE8E-BEFD-69E4-8B49-212B09B47B2F}.InEditor|WindowsStandalone32.Build.0 = InEditor|WindowsStandalone32
		{6055BE8E-BEFD-69E4-8B49-212B09B47B2F}.InEditor|WindowsStandalone64.Build.0 = InEditor|WindowsStandalone64
		{6055BE8E-BEFD-69E4-8B49-212B09B47B2F}.InEditor|WSA.Build.0 = InEditor|WSA
		{6055BE8E-BEFD-69E4-8B49-212B09B47B2F}.Player|Android.Build.0 = Player|Android
		{6055BE8E-BEFD-69E4-8B49-212B09B47B2F}.Player|iOS.Build.0 = Player|iOS
		{6055BE8E-BEFD-69E4-8B49-212B09B47B2F}.Player|WindowsStandalone32.Build.0 = Player|WindowsStandalone32
		{6055BE8E-BEFD-69E4-8B49-212B09B47B2F}.Player|WindowsStandalone64.Build.0 = Player|WindowsStandalone64
		{6055BE8E-BEFD-69E4-8B49-212B09B47B2F}.Player|WSA.Build.0 = Player|WSA
		{B14DD205-870C-0654-2A9D-D3D90FD967CB}.InEditor|Android.Build.0 = InEditor|Android
		{B14DD205-870C-0654-2A9D-D3D90FD967CB}.InEditor|iOS.Build.0 = InEditor|iOS
		{B14DD205-870C-0654-2A9D-D3D90FD967CB}.InEditor|WindowsStandalone32.Build.0 = InEditor|WindowsStandalone32
		{B14DD205-870C-0654-2A9D-D3D90FD967CB}.InEditor|WindowsStandalone64.Build.0 = InEditor|WindowsStandalone64
		{B14DD205-870C-0654-2A9D-D3D90FD967CB}.InEditor|WSA.Build.0 = InEditor|WSA
		{B14DD205-870C-0654-2A9D-D3D90FD967CB}.Player|Android.Build.0 = Player|Android
		{B14DD205-870C-0654-2A9D-D3D90FD967CB}.Player|iOS.Build.0 = Player|iOS
		{B14DD205-870C-0654-2A9D-D3D90FD967CB}.Player|WSA.Build.0 = Player|WSA
		{6546D776-5B41-65B4-0850-B3667F981C26}.InEditor|Android.Build.0 = InEditor|Android
		{6546D776-5B41-65B4-0850-B3667F981C26}.InEditor|iOS.Build.0 = InEditor|iOS
		{6546D776-5B41-65B4-0850-B3667F981C26}.InEditor|WindowsStandalone32.Build.0 = InEditor|WindowsStandalone32
		{6546D776-5B41-65B4-0850-B3667F981C26}.InEditor|WindowsStandalone64.Build.0 = InEditor|WindowsStandalone64
		{6546D776-5B41-65B4-0850-B3667F981C26}.InEditor|WSA.Build.0 = InEditor|WSA
		{15A615C7-33AA-2409-09FE-0B28B0D5143C}.InEditor|Android.Build.0 = InEditor|Android
		{15A615C7-33AA-2409-09FE-0B28B0D5143C}.InEditor|iOS.Build.0 = InEditor|iOS
		{15A615C7-33AA-2409-09FE-0B28B0D5143C}.InEditor|WindowsStandalone32.Build.0 = InEditor|WindowsStandalone32
		{15A615C7-33AA-2409-09FE-0B28B0D5143C}.InEditor|WindowsStandalone64.Build.0 = InEditor|WindowsStandalone64
		{15A615C7-33AA-2409-09FE-0B28B0D5143C}.InEditor|WSA.Build.0 = InEditor|WSA
		{645165C8-1694-74BF-BBEB-8FB0BCFD26F5}.InEditor|Android.Build.0 = InEditor|Android
		{645165C8-1694-74BF-BBEB-8FB0BCFD26F5}.InEditor|iOS.Build.0 = InEditor|iOS
		{645165C8-1694-74BF-BBEB-8FB0BCFD26F5}.InEditor|WindowsStandalone32.Build.0 = InEditor|WindowsStandalone32
		{645165C8-1694-74BF-BBEB-8FB0BCFD26F5}.InEditor|WindowsStandalone64.Build.0 = InEditor|WindowsStandalone64
		{645165C8-1694-74BF-BBEB-8FB0BCFD26F5}.InEditor|WSA.Build.0 = InEditor|WSA
		{0DF1F49A-50F1-5354-5BF9-9E3DBB6674AD}.InEditor|Android.Build.0 = InEditor|Android
		{0DF1F49A-50F1-5354-5BF9-9E3DBB6674AD}.InEditor|iOS.Build.0 = InEditor|iOS
		{0DF1F49A-50F1-5354-5BF9-9E3DBB6674AD}.InEditor|WindowsStandalone32.Build.0 = InEditor|WindowsStandalone32
		{0DF1F49A-50F1-5354-5BF9-9E3DBB6674AD}.InEditor|WindowsStandalone64.Build.0 = InEditor|WindowsStandalone64
		{0DF1F49A-50F1-5354-5BF9-9E3DBB6674AD}.InEditor|WSA.Build.0 = InEditor|WSA
		{33B4BC8F-F031-CA64-CB5B-84C47A40DD88}.InEditor|Android.Build.0 = InEditor|Android
		{33B4BC8F-F031-CA64-CB5B-84C47A40DD88}.InEditor|iOS.Build.0 = InEditor|iOS
		{33B4BC8F-F031-CA64-CB5B-84C47A40DD88}.InEditor|WindowsStandalone32.Build.0 = InEditor|WindowsStandalone32
		{33B4BC8F-F031-CA64-CB5B-84C47A40DD88}.InEditor|WindowsStandalone64.Build.0 = InEditor|WindowsStandalone64
		{33B4BC8F-F031-CA64-CB5B-84C47A40DD88}.InEditor|WSA.Build.0 = InEditor|WSA
		{33B4BC8F-F031-CA64-CB5B-84C47A40DD88}.Player|WSA.Build.0 = Player|WSA
		{0FDA7EBE-61AB-2164-383D-10E32EFB9C6E}.InEditor|Android.Build.0 = InEditor|Android
		{0FDA7EBE-61AB-2164-383D-10E32EFB9C6E}.InEditor|iOS.Build.0 = InEditor|iOS
		{0FDA7EBE-61AB-2164-383D-10E32EFB9C6E}.InEditor|WindowsStandalone32.Build.0 = InEditor|WindowsStandalone32
		{0FDA7EBE-61AB-2164-383D-10E32EFB9C6E}.InEditor|WindowsStandalone64.Build.0 = InEditor|WindowsStandalone64
		{0FDA7EBE-61AB-2164-383D-10E32EFB9C6E}.InEditor|WSA.Build.0 = InEditor|WSA
		{0FDA7EBE-61AB-2164-383D-10E32EFB9C6E}.Player|Android.Build.0 = Player|Android
		{0FDA7EBE-61AB-2164-383D-10E32EFB9C6E}.Player|iOS.Build.0 = Player|iOS
		{0FDA7EBE-61AB-2164-383D-10E32EFB9C6E}.Player|WindowsStandalone32.Build.0 = Player|WindowsStandalone32
		{0FDA7EBE-61AB-2164-383D-10E32EFB9C6E}.Player|WindowsStandalone64.Build.0 = Player|WindowsStandalone64
		{0FDA7EBE-61AB-2164-383D-10E32EFB9C6E}.Player|WSA.Build.0 = Player|WSA
		{CDB3C7B2-A792-97B4-B836-472544D312E6}.InEditor|Android.Build.0 = InEditor|Android
		{CDB3C7B2-A792-97B4-B836-472544D312E6}.InEditor|iOS.Build.0 = InEditor|iOS
		{CDB3C7B2-A792-97B4-B836-472544D312E6}.InEditor|WindowsStandalone32.Build.0 = InEditor|WindowsStandalone32
		{CDB3C7B2-A792-97B4-B836-472544D312E6}.InEditor|WindowsStandalone64.Build.0 = InEditor|WindowsStandalone64
		{CDB3C7B2-A792-97B4-B836-472544D312E6}.InEditor|WSA.Build.0 = InEditor|WSA
		{CDB3C7B2-A792-97B4-B836-472544D312E6}.Player|Android.Build.0 = Player|Android
		{CDB3C7B2-A792-97B4-B836-472544D312E6}.Player|iOS.Build.0 = Player|iOS
		{CDB3C7B2-A792-97B4-B836-472544D312E6}.Player|WindowsStandalone32.Build.0 = Player|WindowsStandalone32
		{CDB3C7B2-A792-97B4-B836-472544D312E6}.Player|WindowsStandalone64.Build.0 = Player|WindowsStandalone64
		{CDB3C7B2-A792-97B4-B836-472544D312E6}.Player|WSA.Build.0 = Player|WSA
		{2426A099-181D-F8F4-0A73-894ABE74AA70}.InEditor|Android.Build.0 = InEditor|Android
		{2426A099-181D-F8F4-0A73-894ABE74AA70}.InEditor|iOS.Build.0 = InEditor|iOS
		{2426A099-181D-F8F4-0A73-894ABE74AA70}.InEditor|WindowsStandalone32.Build.0 = InEditor|WindowsStandalone32
		{2426A099-181D-F8F4-0A73-894ABE74AA70}.InEditor|WindowsStandalone64.Build.0 = InEditor|WindowsStandalone64
		{2426A099-181D-F8F4-0A73-894ABE74AA70}.InEditor|WSA.Build.0 = InEditor|WSA
		{0BBD462D-7DC8-F944-1973-A4C86A22E16E}.InEditor|Android.Build.0 = InEditor|Android
		{0BBD462D-7DC8-F944-1973-A4C86A22E16E}.InEditor|iOS.Build.0 = InEditor|iOS
		{0BBD462D-7DC8-F944-1973-A4C86A22E16E}.InEditor|WindowsStandalone32.Build.0 = InEditor|WindowsStandalone32
		{0BBD462D-7DC8-F944-1973-A4C86A22E16E}.InEditor|WindowsStandalone64.Build.0 = InEditor|WindowsStandalone64
		{0BBD462D-7DC8-F944-1973-A4C86A22E16E}.InEditor|WSA.Build.0 = InEditor|WSA
		{5CD06987-0390-6034-CB45-6604ECF8919F}.InEditor|Android.Build.0 = InEditor|Android
		{5CD06987-0390-6034-CB45-6604ECF8919F}.InEditor|iOS.Build.0 = InEditor|iOS
		{5CD06987-0390-6034-CB45-6604ECF8919F}.InEditor|WindowsStandalone32.Build.0 = InEditor|WindowsStandalone32
		{5CD06987-0390-6034-CB45-6604ECF8919F}.InEditor|WindowsStandalone64.Build.0 = InEditor|WindowsStandalone64
		{5CD06987-0390-6034-CB45-6604ECF8919F}.InEditor|WSA.Build.0 = InEditor|WSA
		{5C2BF4C5-1F2C-4BE1-BE9C-50471AB872C9}.InEditor|Android.Build.0 = InEditor|Android
		{5C2BF4C5-1F2C-4BE1-BE9C-50471AB872C9}.InEditor|iOS.Build.0 = InEditor|iOS
		{5C2BF4C5-1F2C-4BE1-BE9C-50471AB872C9}.InEditor|WindowsStandalone32.Build.0 = InEditor|WindowsStandalone32
		{5C2BF4C5-1F2C-4BE1-BE9C-50471AB872C9}.InEditor|WindowsStandalone64.Build.0 = InEditor|WindowsStandalone64
		{5C2BF4C5-1F2C-4BE1-BE9C-50471AB872C9}.InEditor|WSA.Build.0 = InEditor|WSA
		{5C2BF4C5-1F2C-4BE1-BE9C-50471AB872C9}.Player|Android.Build.0 = Player|Android
		{5C2BF4C5-1F2C-4BE1-BE9C-50471AB872C9}.Player|iOS.Build.0 = Player|iOS
		{5C2BF4C5-1F2C-4BE1-BE9C-50471AB872C9}.Player|WindowsStandalone32.Build.0 = Player|WindowsStandalone32
		{5C2BF4C5-1F2C-4BE1-BE9C-50471AB872C9}.Player|WindowsStandalone64.Build.0 = Player|WindowsStandalone64
		{5C2BF4C5-1F2C-4BE1-BE9C-50471AB872C9}.Player|WSA.Build.0 = Player|WSA
	EndGlobalSection
	GlobalSection(SolutionProperties) = preSolution
		HideSolutionNode = FALSE
	EndGlobalSection
	GlobalSection(NestedProjects) = preSolution
		{6055BE8E-BEFD-69E4-8B49-212B09B47B2F} = {8C38F1F4-6AF8-4061-AA9F-2BEC0C9C2001}
		{6546D776-5B41-65B4-0850-B3667F981C26} = {8C38F1F4-6AF8-4061-AA9F-2BEC0C9C2001}
		{15A615C7-33AA-2409-09FE-0B28B0D5143C} = {8C38F1F4-6AF8-4061-AA9F-2BEC0C9C2001}
		{645165C8-1694-74BF-BBEB-8FB0BCFD26F5} = {8C38F1F4-6AF8-4061-AA9F-2BEC0C9C2001}
		{33B4BC8F-F031-CA64-CB5B-84C47A40DD88} = {8C38F1F4-6AF8-4061-AA9F-2BEC0C9C2001}
		{0FDA7EBE-61AB-2164-383D-10E32EFB9C6E} = {8C38F1F4-6AF8-4061-AA9F-2BEC0C9C2001}
		{0BBD462D-7DC8-F944-1973-A4C86A22E16E} = {8C38F1F4-6AF8-4061-AA9F-2BEC0C9C2001}
		{0DF1F49A-50F1-5354-5BF9-9E3DBB6674AD} = {34E57D42-7D5E-4D5F-933A-D801617F247A}
	EndGlobalSection
	GlobalSection(ExtensibilityGlobals) = postSolution
		SolutionGuid = {89752EEF-6413-4D53-BA9D-DCA0707F134E}
	EndGlobalSection
EndGlobal
