Microsoft Visual Studio Solution File, Format Version 12.00
# Visual Studio 15
VisualStudioVersion = 15.0.28307.539
MinimumVisualStudioVersion = 10.0.40219.1
Project("{9A19103F-16F7-4668-BE54-9A1E7A4F7556}") = "Microsoft.MixedReality.PhotoCapture.msb4u", "PhotoCapture\Microsoft.MixedReality.PhotoCapture.msb4u.csproj", "{055E7751-2989-6F04-9AAA-B953A244DF1C}"
EndProject
Project("{9A19103F-16F7-4668-BE54-9A1E7A4F7556}") = "Microsoft.MixedReality.SpatialAlignment.msb4u", "SpatialAlignment\Microsoft.MixedReality.SpatialAlignment.msb4u.csproj", "{396E9E35-90CE-FD44-198C-D1E642263F09}"
EndProject
Project("{9A19103F-16F7-4668-BE54-9A1E7A4F7556}") = "Unity.Subsystem.Registration.msb4u", "..\MSBuild\Projects\Unity.Subsystem.Registration.msb4u.csproj", "{D03624F0-2FD4-AEF4-AA6B-888A1B059AD7}"
EndProject
Project("{9A19103F-16F7-4668-BE54-9A1E7A4F7556}") = "Unity.XR.Management.msb4u", "..\MSBuild\Projects\Unity.XR.Management.msb4u.csproj", "{E40BA710-7685-3401-2815-D3193FA296CB}"
EndProject
Project("{9A19103F-16F7-4668-BE54-9A1E7A4F7556}") = "UnityEngine.SpatialTracking.msb4u", "..\MSBuild\Projects\UnityEngine.SpatialTracking.msb4u.csproj", "{BA171B3D-D2A5-1234-AB86-4770F99741A5}"
EndProject
Project("{9A19103F-16F7-4668-BE54-9A1E7A4F7556}") = "Microsoft.MixedReality.SpectatorView.ExternalDependencies.msb4u", "SpectatorView.ExternalDependencies\Microsoft.MixedReality.SpectatorView.ExternalDependencies.msb4u.csproj", "{B14DD205-870C-0654-2A9D-D3D90FD967CB}"
EndProject
Project("{9A19103F-16F7-4668-BE54-9A1E7A4F7556}") = "UnityEngine.UI.msb4u", "..\MSBuild\Projects\UnityEngine.UI.msb4u.csproj", "{2BAFAC87-E7F4-B9B4-18D9-448D219B01AB}"
EndProject
Project("{9A19103F-16F7-4668-BE54-9A1E7A4F7556}") = "UnityEngine.TestRunner.msb4u", "..\MSBuild\Projects\UnityEngine.TestRunner.msb4u.csproj", "{27619889-B8BA-8C24-980F-49EE34DBB44A}"
EndProject
Project("{9A19103F-16F7-4668-BE54-9A1E7A4F7556}") = "Unity.XR.ARSubsystems.msb4u", "..\MSBuild\Projects\Unity.XR.ARSubsystems.msb4u.csproj", "{92703082-F92B-41BA-80F0-D6912DE66115}"
	ProjectSection(ProjectDependencies) = postProject
		{D03624F0-2FD4-AEF4-AA6B-888A1B059AD7} = {D03624F0-2FD4-AEF4-AA6B-888A1B059AD7}
	EndProjectSection
EndProject
Project("{9A19103F-16F7-4668-BE54-9A1E7A4F7556}") = "Unity.TextMeshPro.msb4u", "..\MSBuild\Projects\Unity.TextMeshPro.msb4u.csproj", "{6055BE8E-BEFD-69E4-8B49-212B09B47B2F}"
	ProjectSection(ProjectDependencies) = postProject
		{2BAFAC87-E7F4-B9B4-18D9-448D219B01AB} = {2BAFAC87-E7F4-B9B4-18D9-448D219B01AB}
	EndProjectSection
EndProject
Project("{9A19103F-16F7-4668-BE54-9A1E7A4F7556}") = "Unity.XR.ARFoundation.msb4u", "..\MSBuild\Projects\Unity.XR.ARFoundation.msb4u.csproj", "{A9420E37-D799-0B54-ABDE-F6688EDBE313}"
	ProjectSection(ProjectDependencies) = postProject
		{92703082-F92B-41BA-80F0-D6912DE66115} = {92703082-F92B-41BA-80F0-D6912DE66115}
		{E40BA710-7685-3401-2815-D3193FA296CB} = {E40BA710-7685-3401-2815-D3193FA296CB}
		{BA171B3D-D2A5-1234-AB86-4770F99741A5} = {BA171B3D-D2A5-1234-AB86-4770F99741A5}
	EndProjectSection
EndProject
Project("{9A19103F-16F7-4668-BE54-9A1E7A4F7556}") = "Microsoft.MixedReality.SpatialAlignment.ASA.msb4u", "SpatialAlignment.ASA\Microsoft.MixedReality.SpatialAlignment.ASA.msb4u.csproj", "{10862022-7A2D-2FB4-B85E-BBD9E1CD6188}"
	ProjectSection(ProjectDependencies) = postProject
		{A9420E37-D799-0B54-ABDE-F6688EDBE313} = {A9420E37-D799-0B54-ABDE-F6688EDBE313}
		{396E9E35-90CE-FD44-198C-D1E642263F09} = {396E9E35-90CE-FD44-198C-D1E642263F09}
		{92703082-F92B-41BA-80F0-D6912DE66115} = {92703082-F92B-41BA-80F0-D6912DE66115}
	EndProjectSection
EndProject
Project("{9A19103F-16F7-4668-BE54-9A1E7A4F7556}") = "Microsoft.MixedReality.SpatialAlignment.ASA.Editor.msb4u", "SpatialAlignment.ASA.Editor\Microsoft.MixedReality.SpatialAlignment.ASA.Editor.msb4u.csproj", "{4ECF9FA3-92C9-4A74-F9FF-BC7B017EF850}"
	ProjectSection(ProjectDependencies) = postProject
		{10862022-7A2D-2FB4-B85E-BBD9E1CD6188} = {10862022-7A2D-2FB4-B85E-BBD9E1CD6188}
	EndProjectSection
EndProject
Project("{9A19103F-16F7-4668-BE54-9A1E7A4F7556}") = "Microsoft.MixedReality.SpectatorView.msb4u", "SpectatorView\Microsoft.MixedReality.SpectatorView.msb4u.csproj", "{CDB3C7B2-A792-97B4-B836-472544D312E6}"
	ProjectSection(ProjectDependencies) = postProject
		{055E7751-2989-6F04-9AAA-B953A244DF1C} = {055E7751-2989-6F04-9AAA-B953A244DF1C}
		{396E9E35-90CE-FD44-198C-D1E642263F09} = {396E9E35-90CE-FD44-198C-D1E642263F09}
		{10862022-7A2D-2FB4-B85E-BBD9E1CD6188} = {10862022-7A2D-2FB4-B85E-BBD9E1CD6188}
		{B14DD205-870C-0654-2A9D-D3D90FD967CB} = {B14DD205-870C-0654-2A9D-D3D90FD967CB}
		{6055BE8E-BEFD-69E4-8B49-212B09B47B2F} = {6055BE8E-BEFD-69E4-8B49-212B09B47B2F}
		{A9420E37-D799-0B54-ABDE-F6688EDBE313} = {A9420E37-D799-0B54-ABDE-F6688EDBE313}
		{2BAFAC87-E7F4-B9B4-18D9-448D219B01AB} = {2BAFAC87-E7F4-B9B4-18D9-448D219B01AB}
	EndProjectSection
EndProject
Project("{9A19103F-16F7-4668-BE54-9A1E7A4F7556}") = "Microsoft.MixedReality.SpectatorView.Tests.msb4u", "SpectatorView.Tests\Microsoft.MixedReality.SpectatorView.Tests.msb4u.csproj", "{5CD06987-0390-6034-CB45-6604ECF8919F}"
	ProjectSection(ProjectDependencies) = postProject
		{055E7751-2989-6F04-9AAA-B953A244DF1C} = {055E7751-2989-6F04-9AAA-B953A244DF1C}
		{396E9E35-90CE-FD44-198C-D1E642263F09} = {396E9E35-90CE-FD44-198C-D1E642263F09}
		{CDB3C7B2-A792-97B4-B836-472544D312E6} = {CDB3C7B2-A792-97B4-B836-472544D312E6}
		{27619889-B8BA-8C24-980F-49EE34DBB44A} = {27619889-B8BA-8C24-980F-49EE34DBB44A}
	EndProjectSection
EndProject
Project("{9A19103F-16F7-4668-BE54-9A1E7A4F7556}") = "Microsoft.MixedReality.SpectatorView.Editor.msb4u", "SpectatorView.Editor\Microsoft.MixedReality.SpectatorView.Editor.msb4u.csproj", "{2426A099-181D-F8F4-0A73-894ABE74AA70}"
	ProjectSection(ProjectDependencies) = postProject
		{CDB3C7B2-A792-97B4-B836-472544D312E6} = {CDB3C7B2-A792-97B4-B836-472544D312E6}
		{055E7751-2989-6F04-9AAA-B953A244DF1C} = {055E7751-2989-6F04-9AAA-B953A244DF1C}
		{396E9E35-90CE-FD44-198C-D1E642263F09} = {396E9E35-90CE-FD44-198C-D1E642263F09}
	EndProjectSection
EndProject
Project("{9A19103F-16F7-4668-BE54-9A1E7A4F7556}") = "Dependencies.msb4u", "Dependencies.msb4u.csproj", "{5A45860E-3555-4921-9CDE-FB6D9945C4B8}"
EndProject
Project("{2150E333-8FDC-42A3-9474-1A3956D46DE8}") = "Imported Packages", "Imported Packages", "{91AB2FC0-D1D2-4BF1-8CE8-D160F619250B}"
EndProject
Project("{2150E333-8FDC-42A3-9474-1A3956D46DE8}") = "Built In Packages", "Built In Packages", "{2C55BECF-70C1-4F9E-A90C-9E7F7688C9C4}"
EndProject
Global
	GlobalSection(SolutionConfigurationPlatforms) = preSolution
		InEditor|Android = InEditor|Android
		InEditor|iOS = InEditor|iOS
		InEditor|WindowsStandalone32 = InEditor|WindowsStandalone32
		InEditor|WindowsStandalone64 = InEditor|WindowsStandalone64
		InEditor|WSA = InEditor|WSA
		Player|Android = Player|Android
		Player|iOS = Player|iOS
		Player|WindowsStandalone32 = Player|WindowsStandalone32
		Player|WindowsStandalone64 = Player|WindowsStandalone64
		Player|WSA = Player|WSA
	EndGlobalSection
	GlobalSection(ProjectConfigurationPlatforms) = postSolution
		{055E7751-2989-6F04-9AAA-B953A244DF1C}.InEditor|Android.ActiveCfg = InEditor|Android
		{055E7751-2989-6F04-9AAA-B953A244DF1C}.InEditor|Android.Build.0 = InEditor|Android
		{055E7751-2989-6F04-9AAA-B953A244DF1C}.InEditor|iOS.ActiveCfg = InEditor|iOS
		{055E7751-2989-6F04-9AAA-B953A244DF1C}.InEditor|iOS.Build.0 = InEditor|iOS
		{055E7751-2989-6F04-9AAA-B953A244DF1C}.InEditor|WindowsStandalone32.ActiveCfg = InEditor|WindowsStandalone32
		{055E7751-2989-6F04-9AAA-B953A244DF1C}.InEditor|WindowsStandalone32.Build.0 = InEditor|WindowsStandalone32
		{055E7751-2989-6F04-9AAA-B953A244DF1C}.InEditor|WindowsStandalone64.ActiveCfg = InEditor|WindowsStandalone64
		{055E7751-2989-6F04-9AAA-B953A244DF1C}.InEditor|WindowsStandalone64.Build.0 = InEditor|WindowsStandalone64
		{055E7751-2989-6F04-9AAA-B953A244DF1C}.InEditor|WSA.ActiveCfg = InEditor|WSA
		{055E7751-2989-6F04-9AAA-B953A244DF1C}.InEditor|WSA.Build.0 = InEditor|WSA
		{055E7751-2989-6F04-9AAA-B953A244DF1C}.Player|Android.ActiveCfg = Player|Android
		{055E7751-2989-6F04-9AAA-B953A244DF1C}.Player|Android.Build.0 = Player|Android
		{055E7751-2989-6F04-9AAA-B953A244DF1C}.Player|iOS.ActiveCfg = Player|iOS
		{055E7751-2989-6F04-9AAA-B953A244DF1C}.Player|iOS.Build.0 = Player|iOS
		{055E7751-2989-6F04-9AAA-B953A244DF1C}.Player|WindowsStandalone32.ActiveCfg = Player|WindowsStandalone32
		{055E7751-2989-6F04-9AAA-B953A244DF1C}.Player|WindowsStandalone32.Build.0 = Player|WindowsStandalone32
		{055E7751-2989-6F04-9AAA-B953A244DF1C}.Player|WindowsStandalone64.ActiveCfg = Player|WindowsStandalone64
		{055E7751-2989-6F04-9AAA-B953A244DF1C}.Player|WindowsStandalone64.Build.0 = Player|WindowsStandalone64
		{055E7751-2989-6F04-9AAA-B953A244DF1C}.Player|WSA.ActiveCfg = Player|WSA
		{055E7751-2989-6F04-9AAA-B953A244DF1C}.Player|WSA.Build.0 = Player|WSA
		{396E9E35-90CE-FD44-198C-D1E642263F09}.InEditor|Android.ActiveCfg = InEditor|Android
		{396E9E35-90CE-FD44-198C-D1E642263F09}.InEditor|Android.Build.0 = InEditor|Android
		{396E9E35-90CE-FD44-198C-D1E642263F09}.InEditor|iOS.ActiveCfg = InEditor|iOS
		{396E9E35-90CE-FD44-198C-D1E642263F09}.InEditor|iOS.Build.0 = InEditor|iOS
		{396E9E35-90CE-FD44-198C-D1E642263F09}.InEditor|WindowsStandalone32.ActiveCfg = InEditor|WindowsStandalone32
		{396E9E35-90CE-FD44-198C-D1E642263F09}.InEditor|WindowsStandalone32.Build.0 = InEditor|WindowsStandalone32
		{396E9E35-90CE-FD44-198C-D1E642263F09}.InEditor|WindowsStandalone64.ActiveCfg = InEditor|WindowsStandalone64
		{396E9E35-90CE-FD44-198C-D1E642263F09}.InEditor|WindowsStandalone64.Build.0 = InEditor|WindowsStandalone64
		{396E9E35-90CE-FD44-198C-D1E642263F09}.InEditor|WSA.ActiveCfg = InEditor|WSA
		{396E9E35-90CE-FD44-198C-D1E642263F09}.InEditor|WSA.Build.0 = InEditor|WSA
		{396E9E35-90CE-FD44-198C-D1E642263F09}.Player|Android.ActiveCfg = Player|Android
		{396E9E35-90CE-FD44-198C-D1E642263F09}.Player|Android.Build.0 = Player|Android
		{396E9E35-90CE-FD44-198C-D1E642263F09}.Player|iOS.ActiveCfg = Player|iOS
		{396E9E35-90CE-FD44-198C-D1E642263F09}.Player|iOS.Build.0 = Player|iOS
		{396E9E35-90CE-FD44-198C-D1E642263F09}.Player|WindowsStandalone32.ActiveCfg = Player|WindowsStandalone32
		{396E9E35-90CE-FD44-198C-D1E642263F09}.Player|WindowsStandalone32.Build.0 = Player|WindowsStandalone32
		{396E9E35-90CE-FD44-198C-D1E642263F09}.Player|WindowsStandalone64.ActiveCfg = Player|WindowsStandalone64
		{396E9E35-90CE-FD44-198C-D1E642263F09}.Player|WindowsStandalone64.Build.0 = Player|WindowsStandalone64
		{396E9E35-90CE-FD44-198C-D1E642263F09}.Player|WSA.ActiveCfg = Player|WSA
		{396E9E35-90CE-FD44-198C-D1E642263F09}.Player|WSA.Build.0 = Player|WSA
		{D03624F0-2FD4-AEF4-AA6B-888A1B059AD7}.InEditor|Android.ActiveCfg = InEditor|Android
		{D03624F0-2FD4-AEF4-AA6B-888A1B059AD7}.InEditor|Android.Build.0 = InEditor|Android
		{D03624F0-2FD4-AEF4-AA6B-888A1B059AD7}.InEditor|iOS.ActiveCfg = InEditor|iOS
		{D03624F0-2FD4-AEF4-AA6B-888A1B059AD7}.InEditor|iOS.Build.0 = InEditor|iOS
		{D03624F0-2FD4-AEF4-AA6B-888A1B059AD7}.InEditor|WindowsStandalone32.ActiveCfg = InEditor|WindowsStandalone32
		{D03624F0-2FD4-AEF4-AA6B-888A1B059AD7}.InEditor|WindowsStandalone32.Build.0 = InEditor|WindowsStandalone32
		{D03624F0-2FD4-AEF4-AA6B-888A1B059AD7}.InEditor|WindowsStandalone64.ActiveCfg = InEditor|WindowsStandalone64
		{D03624F0-2FD4-AEF4-AA6B-888A1B059AD7}.InEditor|WindowsStandalone64.Build.0 = InEditor|WindowsStandalone64
		{D03624F0-2FD4-AEF4-AA6B-888A1B059AD7}.InEditor|WSA.ActiveCfg = InEditor|WSA
		{D03624F0-2FD4-AEF4-AA6B-888A1B059AD7}.InEditor|WSA.Build.0 = InEditor|WSA
		{D03624F0-2FD4-AEF4-AA6B-888A1B059AD7}.Player|Android.ActiveCfg = Player|Android
		{D03624F0-2FD4-AEF4-AA6B-888A1B059AD7}.Player|Android.Build.0 = Player|Android
		{D03624F0-2FD4-AEF4-AA6B-888A1B059AD7}.Player|iOS.ActiveCfg = Player|iOS
		{D03624F0-2FD4-AEF4-AA6B-888A1B059AD7}.Player|iOS.Build.0 = Player|iOS
		{D03624F0-2FD4-AEF4-AA6B-888A1B059AD7}.Player|WindowsStandalone32.ActiveCfg = Player|WindowsStandalone32
		{D03624F0-2FD4-AEF4-AA6B-888A1B059AD7}.Player|WindowsStandalone32.Build.0 = Player|WindowsStandalone32
		{D03624F0-2FD4-AEF4-AA6B-888A1B059AD7}.Player|WindowsStandalone64.ActiveCfg = Player|WindowsStandalone64
		{D03624F0-2FD4-AEF4-AA6B-888A1B059AD7}.Player|WindowsStandalone64.Build.0 = Player|WindowsStandalone64
		{D03624F0-2FD4-AEF4-AA6B-888A1B059AD7}.Player|WSA.ActiveCfg = Player|WSA
		{D03624F0-2FD4-AEF4-AA6B-888A1B059AD7}.Player|WSA.Build.0 = Player|WSA
		{E40BA710-7685-3401-2815-D3193FA296CB}.InEditor|Android.ActiveCfg = InEditor|Android
		{E40BA710-7685-3401-2815-D3193FA296CB}.InEditor|Android.Build.0 = InEditor|Android
		{E40BA710-7685-3401-2815-D3193FA296CB}.InEditor|iOS.ActiveCfg = InEditor|iOS
		{E40BA710-7685-3401-2815-D3193FA296CB}.InEditor|iOS.Build.0 = InEditor|iOS
		{E40BA710-7685-3401-2815-D3193FA296CB}.InEditor|WindowsStandalone32.ActiveCfg = InEditor|WindowsStandalone32
		{E40BA710-7685-3401-2815-D3193FA296CB}.InEditor|WindowsStandalone32.Build.0 = InEditor|WindowsStandalone32
		{E40BA710-7685-3401-2815-D3193FA296CB}.InEditor|WindowsStandalone64.ActiveCfg = InEditor|WindowsStandalone64
		{E40BA710-7685-3401-2815-D3193FA296CB}.InEditor|WindowsStandalone64.Build.0 = InEditor|WindowsStandalone64
		{E40BA710-7685-3401-2815-D3193FA296CB}.InEditor|WSA.ActiveCfg = InEditor|WSA
		{E40BA710-7685-3401-2815-D3193FA296CB}.InEditor|WSA.Build.0 = InEditor|WSA
		{E40BA710-7685-3401-2815-D3193FA296CB}.Player|Android.ActiveCfg = Player|Android
		{E40BA710-7685-3401-2815-D3193FA296CB}.Player|Android.Build.0 = Player|Android
		{E40BA710-7685-3401-2815-D3193FA296CB}.Player|iOS.ActiveCfg = Player|iOS
		{E40BA710-7685-3401-2815-D3193FA296CB}.Player|iOS.Build.0 = Player|iOS
		{E40BA710-7685-3401-2815-D3193FA296CB}.Player|WindowsStandalone32.ActiveCfg = Player|WindowsStandalone32
		{E40BA710-7685-3401-2815-D3193FA296CB}.Player|WindowsStandalone32.Build.0 = Player|WindowsStandalone32
		{E40BA710-7685-3401-2815-D3193FA296CB}.Player|WindowsStandalone64.ActiveCfg = Player|WindowsStandalone64
		{E40BA710-7685-3401-2815-D3193FA296CB}.Player|WindowsStandalone64.Build.0 = Player|WindowsStandalone64
		{E40BA710-7685-3401-2815-D3193FA296CB}.Player|WSA.ActiveCfg = Player|WSA
		{E40BA710-7685-3401-2815-D3193FA296CB}.Player|WSA.Build.0 = Player|WSA
		{BA171B3D-D2A5-1234-AB86-4770F99741A5}.InEditor|Android.ActiveCfg = InEditor|Android
		{BA171B3D-D2A5-1234-AB86-4770F99741A5}.InEditor|Android.Build.0 = InEditor|Android
		{BA171B3D-D2A5-1234-AB86-4770F99741A5}.InEditor|iOS.ActiveCfg = InEditor|iOS
		{BA171B3D-D2A5-1234-AB86-4770F99741A5}.InEditor|iOS.Build.0 = InEditor|iOS
		{BA171B3D-D2A5-1234-AB86-4770F99741A5}.InEditor|WindowsStandalone32.ActiveCfg = InEditor|WindowsStandalone32
		{BA171B3D-D2A5-1234-AB86-4770F99741A5}.InEditor|WindowsStandalone32.Build.0 = InEditor|WindowsStandalone32
		{BA171B3D-D2A5-1234-AB86-4770F99741A5}.InEditor|WindowsStandalone64.ActiveCfg = InEditor|WindowsStandalone64
		{BA171B3D-D2A5-1234-AB86-4770F99741A5}.InEditor|WindowsStandalone64.Build.0 = InEditor|WindowsStandalone64
		{BA171B3D-D2A5-1234-AB86-4770F99741A5}.InEditor|WSA.ActiveCfg = InEditor|WSA
		{BA171B3D-D2A5-1234-AB86-4770F99741A5}.InEditor|WSA.Build.0 = InEditor|WSA
		{BA171B3D-D2A5-1234-AB86-4770F99741A5}.Player|Android.ActiveCfg = Player|Android
		{BA171B3D-D2A5-1234-AB86-4770F99741A5}.Player|Android.Build.0 = Player|Android
		{BA171B3D-D2A5-1234-AB86-4770F99741A5}.Player|iOS.ActiveCfg = Player|iOS
		{BA171B3D-D2A5-1234-AB86-4770F99741A5}.Player|iOS.Build.0 = Player|iOS
		{BA171B3D-D2A5-1234-AB86-4770F99741A5}.Player|WindowsStandalone32.ActiveCfg = Player|WindowsStandalone32
		{BA171B3D-D2A5-1234-AB86-4770F99741A5}.Player|WindowsStandalone32.Build.0 = Player|WindowsStandalone32
		{BA171B3D-D2A5-1234-AB86-4770F99741A5}.Player|WindowsStandalone64.ActiveCfg = Player|WindowsStandalone64
		{BA171B3D-D2A5-1234-AB86-4770F99741A5}.Player|WindowsStandalone64.Build.0 = Player|WindowsStandalone64
		{BA171B3D-D2A5-1234-AB86-4770F99741A5}.Player|WSA.ActiveCfg = Player|WSA
		{BA171B3D-D2A5-1234-AB86-4770F99741A5}.Player|WSA.Build.0 = Player|WSA
		{B14DD205-870C-0654-2A9D-D3D90FD967CB}.InEditor|Android.ActiveCfg = InEditor|Android
		{B14DD205-870C-0654-2A9D-D3D90FD967CB}.InEditor|Android.Build.0 = InEditor|Android
		{B14DD205-870C-0654-2A9D-D3D90FD967CB}.InEditor|iOS.ActiveCfg = InEditor|iOS
		{B14DD205-870C-0654-2A9D-D3D90FD967CB}.InEditor|iOS.Build.0 = InEditor|iOS
		{B14DD205-870C-0654-2A9D-D3D90FD967CB}.InEditor|WindowsStandalone32.ActiveCfg = InEditor|WindowsStandalone32
		{B14DD205-870C-0654-2A9D-D3D90FD967CB}.InEditor|WindowsStandalone32.Build.0 = InEditor|WindowsStandalone32
		{B14DD205-870C-0654-2A9D-D3D90FD967CB}.InEditor|WindowsStandalone64.ActiveCfg = InEditor|WindowsStandalone64
		{B14DD205-870C-0654-2A9D-D3D90FD967CB}.InEditor|WindowsStandalone64.Build.0 = InEditor|WindowsStandalone64
		{B14DD205-870C-0654-2A9D-D3D90FD967CB}.InEditor|WSA.ActiveCfg = InEditor|WSA
		{B14DD205-870C-0654-2A9D-D3D90FD967CB}.InEditor|WSA.Build.0 = InEditor|WSA
		{B14DD205-870C-0654-2A9D-D3D90FD967CB}.Player|Android.ActiveCfg = Player|Android
		{B14DD205-870C-0654-2A9D-D3D90FD967CB}.Player|Android.Build.0 = Player|Android
		{B14DD205-870C-0654-2A9D-D3D90FD967CB}.Player|iOS.ActiveCfg = Player|iOS
		{B14DD205-870C-0654-2A9D-D3D90FD967CB}.Player|iOS.Build.0 = Player|iOS
		{B14DD205-870C-0654-2A9D-D3D90FD967CB}.Player|WindowsStandalone32.ActiveCfg = Player|WindowsStandalone32
		{B14DD205-870C-0654-2A9D-D3D90FD967CB}.Player|WindowsStandalone64.ActiveCfg = Player|WindowsStandalone64
		{B14DD205-870C-0654-2A9D-D3D90FD967CB}.Player|WSA.ActiveCfg = Player|WSA
		{B14DD205-870C-0654-2A9D-D3D90FD967CB}.Player|WSA.Build.0 = Player|WSA
		{2BAFAC87-E7F4-B9B4-18D9-448D219B01AB}.InEditor|Android.ActiveCfg = InEditor|Android
		{2BAFAC87-E7F4-B9B4-18D9-448D219B01AB}.InEditor|Android.Build.0 = InEditor|Android
		{2BAFAC87-E7F4-B9B4-18D9-448D219B01AB}.InEditor|iOS.ActiveCfg = InEditor|iOS
		{2BAFAC87-E7F4-B9B4-18D9-448D219B01AB}.InEditor|iOS.Build.0 = InEditor|iOS
		{2BAFAC87-E7F4-B9B4-18D9-448D219B01AB}.InEditor|WindowsStandalone32.ActiveCfg = InEditor|WindowsStandalone32
		{2BAFAC87-E7F4-B9B4-18D9-448D219B01AB}.InEditor|WindowsStandalone32.Build.0 = InEditor|WindowsStandalone32
		{2BAFAC87-E7F4-B9B4-18D9-448D219B01AB}.InEditor|WindowsStandalone64.ActiveCfg = InEditor|WindowsStandalone64
		{2BAFAC87-E7F4-B9B4-18D9-448D219B01AB}.InEditor|WindowsStandalone64.Build.0 = InEditor|WindowsStandalone64
		{2BAFAC87-E7F4-B9B4-18D9-448D219B01AB}.InEditor|WSA.ActiveCfg = InEditor|WSA
		{2BAFAC87-E7F4-B9B4-18D9-448D219B01AB}.InEditor|WSA.Build.0 = InEditor|WSA
		{2BAFAC87-E7F4-B9B4-18D9-448D219B01AB}.Player|Android.ActiveCfg = Player|Android
		{2BAFAC87-E7F4-B9B4-18D9-448D219B01AB}.Player|Android.Build.0 = Player|Android
		{2BAFAC87-E7F4-B9B4-18D9-448D219B01AB}.Player|iOS.ActiveCfg = Player|iOS
		{2BAFAC87-E7F4-B9B4-18D9-448D219B01AB}.Player|iOS.Build.0 = Player|iOS
		{2BAFAC87-E7F4-B9B4-18D9-448D219B01AB}.Player|WindowsStandalone32.ActiveCfg = Player|WindowsStandalone32
		{2BAFAC87-E7F4-B9B4-18D9-448D219B01AB}.Player|WindowsStandalone32.Build.0 = Player|WindowsStandalone32
		{2BAFAC87-E7F4-B9B4-18D9-448D219B01AB}.Player|WindowsStandalone64.ActiveCfg = Player|WindowsStandalone64
		{2BAFAC87-E7F4-B9B4-18D9-448D219B01AB}.Player|WindowsStandalone64.Build.0 = Player|WindowsStandalone64
		{2BAFAC87-E7F4-B9B4-18D9-448D219B01AB}.Player|WSA.ActiveCfg = Player|WSA
		{2BAFAC87-E7F4-B9B4-18D9-448D219B01AB}.Player|WSA.Build.0 = Player|WSA
		{27619889-B8BA-8C24-980F-49EE34DBB44A}.InEditor|Android.ActiveCfg = InEditor|Android
		{27619889-B8BA-8C24-980F-49EE34DBB44A}.InEditor|Android.Build.0 = InEditor|Android
		{27619889-B8BA-8C24-980F-49EE34DBB44A}.InEditor|iOS.ActiveCfg = InEditor|iOS
		{27619889-B8BA-8C24-980F-49EE34DBB44A}.InEditor|iOS.Build.0 = InEditor|iOS
		{27619889-B8BA-8C24-980F-49EE34DBB44A}.InEditor|WindowsStandalone32.ActiveCfg = InEditor|WindowsStandalone32
		{27619889-B8BA-8C24-980F-49EE34DBB44A}.InEditor|WindowsStandalone32.Build.0 = InEditor|WindowsStandalone32
		{27619889-B8BA-8C24-980F-49EE34DBB44A}.InEditor|WindowsStandalone64.ActiveCfg = InEditor|WindowsStandalone64
		{27619889-B8BA-8C24-980F-49EE34DBB44A}.InEditor|WindowsStandalone64.Build.0 = InEditor|WindowsStandalone64
		{27619889-B8BA-8C24-980F-49EE34DBB44A}.InEditor|WSA.ActiveCfg = InEditor|WSA
		{27619889-B8BA-8C24-980F-49EE34DBB44A}.InEditor|WSA.Build.0 = InEditor|WSA
		{27619889-B8BA-8C24-980F-49EE34DBB44A}.Player|Android.ActiveCfg = Player|Android
		{27619889-B8BA-8C24-980F-49EE34DBB44A}.Player|iOS.ActiveCfg = Player|iOS
		{27619889-B8BA-8C24-980F-49EE34DBB44A}.Player|WindowsStandalone32.ActiveCfg = Player|WindowsStandalone32
		{27619889-B8BA-8C24-980F-49EE34DBB44A}.Player|WindowsStandalone64.ActiveCfg = Player|WindowsStandalone64
		{27619889-B8BA-8C24-980F-49EE34DBB44A}.Player|WSA.ActiveCfg = Player|WSA
		{92703082-F92B-41BA-80F0-D6912DE66115}.InEditor|Android.ActiveCfg = InEditor|Android
		{92703082-F92B-41BA-80F0-D6912DE66115}.InEditor|Android.Build.0 = InEditor|Android
		{92703082-F92B-41BA-80F0-D6912DE66115}.InEditor|iOS.ActiveCfg = InEditor|iOS
		{92703082-F92B-41BA-80F0-D6912DE66115}.InEditor|iOS.Build.0 = InEditor|iOS
		{92703082-F92B-41BA-80F0-D6912DE66115}.InEditor|WindowsStandalone32.ActiveCfg = InEditor|WindowsStandalone32
		{92703082-F92B-41BA-80F0-D6912DE66115}.InEditor|WindowsStandalone32.Build.0 = InEditor|WindowsStandalone32
		{92703082-F92B-41BA-80F0-D6912DE66115}.InEditor|WindowsStandalone64.ActiveCfg = InEditor|WindowsStandalone64
		{92703082-F92B-41BA-80F0-D6912DE66115}.InEditor|WindowsStandalone64.Build.0 = InEditor|WindowsStandalone64
		{92703082-F92B-41BA-80F0-D6912DE66115}.InEditor|WSA.ActiveCfg = InEditor|WSA
		{92703082-F92B-41BA-80F0-D6912DE66115}.InEditor|WSA.Build.0 = InEditor|WSA
		{92703082-F92B-41BA-80F0-D6912DE66115}.Player|Android.ActiveCfg = Player|Android
		{92703082-F92B-41BA-80F0-D6912DE66115}.Player|Android.Build.0 = Player|Android
		{92703082-F92B-41BA-80F0-D6912DE66115}.Player|iOS.ActiveCfg = Player|iOS
		{92703082-F92B-41BA-80F0-D6912DE66115}.Player|iOS.Build.0 = Player|iOS
		{92703082-F92B-41BA-80F0-D6912DE66115}.Player|WindowsStandalone32.ActiveCfg = Player|WindowsStandalone32
		{92703082-F92B-41BA-80F0-D6912DE66115}.Player|WindowsStandalone32.Build.0 = Player|WindowsStandalone32
		{92703082-F92B-41BA-80F0-D6912DE66115}.Player|WindowsStandalone64.ActiveCfg = Player|WindowsStandalone64
		{92703082-F92B-41BA-80F0-D6912DE66115}.Player|WindowsStandalone64.Build.0 = Player|WindowsStandalone64
		{92703082-F92B-41BA-80F0-D6912DE66115}.Player|WSA.ActiveCfg = Player|WSA
		{92703082-F92B-41BA-80F0-D6912DE66115}.Player|WSA.Build.0 = Player|WSA
		{6055BE8E-BEFD-69E4-8B49-212B09B47B2F}.InEditor|Android.ActiveCfg = InEditor|Android
		{6055BE8E-BEFD-69E4-8B49-212B09B47B2F}.InEditor|Android.Build.0 = InEditor|Android
		{6055BE8E-BEFD-69E4-8B49-212B09B47B2F}.InEditor|iOS.ActiveCfg = InEditor|iOS
		{6055BE8E-BEFD-69E4-8B49-212B09B47B2F}.InEditor|iOS.Build.0 = InEditor|iOS
		{6055BE8E-BEFD-69E4-8B49-212B09B47B2F}.InEditor|WindowsStandalone32.ActiveCfg = InEditor|WindowsStandalone32
		{6055BE8E-BEFD-69E4-8B49-212B09B47B2F}.InEditor|WindowsStandalone32.Build.0 = InEditor|WindowsStandalone32
		{6055BE8E-BEFD-69E4-8B49-212B09B47B2F}.InEditor|WindowsStandalone64.ActiveCfg = InEditor|WindowsStandalone64
		{6055BE8E-BEFD-69E4-8B49-212B09B47B2F}.InEditor|WindowsStandalone64.Build.0 = InEditor|WindowsStandalone64
		{6055BE8E-BEFD-69E4-8B49-212B09B47B2F}.InEditor|WSA.ActiveCfg = InEditor|WSA
		{6055BE8E-BEFD-69E4-8B49-212B09B47B2F}.InEditor|WSA.Build.0 = InEditor|WSA
		{6055BE8E-BEFD-69E4-8B49-212B09B47B2F}.Player|Android.ActiveCfg = Player|Android
		{6055BE8E-BEFD-69E4-8B49-212B09B47B2F}.Player|Android.Build.0 = Player|Android
		{6055BE8E-BEFD-69E4-8B49-212B09B47B2F}.Player|iOS.ActiveCfg = Player|iOS
		{6055BE8E-BEFD-69E4-8B49-212B09B47B2F}.Player|iOS.Build.0 = Player|iOS
		{6055BE8E-BEFD-69E4-8B49-212B09B47B2F}.Player|WindowsStandalone32.ActiveCfg = Player|WindowsStandalone32
		{6055BE8E-BEFD-69E4-8B49-212B09B47B2F}.Player|WindowsStandalone32.Build.0 = Player|WindowsStandalone32
		{6055BE8E-BEFD-69E4-8B49-212B09B47B2F}.Player|WindowsStandalone64.ActiveCfg = Player|WindowsStandalone64
		{6055BE8E-BEFD-69E4-8B49-212B09B47B2F}.Player|WindowsStandalone64.Build.0 = Player|WindowsStandalone64
		{6055BE8E-BEFD-69E4-8B49-212B09B47B2F}.Player|WSA.ActiveCfg = Player|WSA
		{6055BE8E-BEFD-69E4-8B49-212B09B47B2F}.Player|WSA.Build.0 = Player|WSA
		{A9420E37-D799-0B54-ABDE-F6688EDBE313}.InEditor|Android.ActiveCfg = InEditor|Android
		{A9420E37-D799-0B54-ABDE-F6688EDBE313}.InEditor|Android.Build.0 = InEditor|Android
		{A9420E37-D799-0B54-ABDE-F6688EDBE313}.InEditor|iOS.ActiveCfg = InEditor|iOS
		{A9420E37-D799-0B54-ABDE-F6688EDBE313}.InEditor|iOS.Build.0 = InEditor|iOS
		{A9420E37-D799-0B54-ABDE-F6688EDBE313}.InEditor|WindowsStandalone32.ActiveCfg = InEditor|WindowsStandalone32
		{A9420E37-D799-0B54-ABDE-F6688EDBE313}.InEditor|WindowsStandalone32.Build.0 = InEditor|WindowsStandalone32
		{A9420E37-D799-0B54-ABDE-F6688EDBE313}.InEditor|WindowsStandalone64.ActiveCfg = InEditor|WindowsStandalone64
		{A9420E37-D799-0B54-ABDE-F6688EDBE313}.InEditor|WindowsStandalone64.Build.0 = InEditor|WindowsStandalone64
		{A9420E37-D799-0B54-ABDE-F6688EDBE313}.InEditor|WSA.ActiveCfg = InEditor|WSA
		{A9420E37-D799-0B54-ABDE-F6688EDBE313}.InEditor|WSA.Build.0 = InEditor|WSA
		{A9420E37-D799-0B54-ABDE-F6688EDBE313}.Player|Android.ActiveCfg = Player|Android
		{A9420E37-D799-0B54-ABDE-F6688EDBE313}.Player|Android.Build.0 = Player|Android
		{A9420E37-D799-0B54-ABDE-F6688EDBE313}.Player|iOS.ActiveCfg = Player|iOS
		{A9420E37-D799-0B54-ABDE-F6688EDBE313}.Player|iOS.Build.0 = Player|iOS
		{A9420E37-D799-0B54-ABDE-F6688EDBE313}.Player|WindowsStandalone32.ActiveCfg = Player|WindowsStandalone32
		{A9420E37-D799-0B54-ABDE-F6688EDBE313}.Player|WindowsStandalone32.Build.0 = Player|WindowsStandalone32
		{A9420E37-D799-0B54-ABDE-F6688EDBE313}.Player|WindowsStandalone64.ActiveCfg = Player|WindowsStandalone64
		{A9420E37-D799-0B54-ABDE-F6688EDBE313}.Player|WindowsStandalone64.Build.0 = Player|WindowsStandalone64
		{A9420E37-D799-0B54-ABDE-F6688EDBE313}.Player|WSA.ActiveCfg = Player|WSA
		{A9420E37-D799-0B54-ABDE-F6688EDBE313}.Player|WSA.Build.0 = Player|WSA
		{10862022-7A2D-2FB4-B85E-BBD9E1CD6188}.InEditor|Android.ActiveCfg = InEditor|Android
		{10862022-7A2D-2FB4-B85E-BBD9E1CD6188}.InEditor|Android.Build.0 = InEditor|Android
		{10862022-7A2D-2FB4-B85E-BBD9E1CD6188}.InEditor|iOS.ActiveCfg = InEditor|iOS
		{10862022-7A2D-2FB4-B85E-BBD9E1CD6188}.InEditor|iOS.Build.0 = InEditor|iOS
		{10862022-7A2D-2FB4-B85E-BBD9E1CD6188}.InEditor|WindowsStandalone32.ActiveCfg = InEditor|WindowsStandalone32
		{10862022-7A2D-2FB4-B85E-BBD9E1CD6188}.InEditor|WindowsStandalone32.Build.0 = InEditor|WindowsStandalone32
		{10862022-7A2D-2FB4-B85E-BBD9E1CD6188}.InEditor|WindowsStandalone64.ActiveCfg = InEditor|WindowsStandalone64
		{10862022-7A2D-2FB4-B85E-BBD9E1CD6188}.InEditor|WindowsStandalone64.Build.0 = InEditor|WindowsStandalone64
		{10862022-7A2D-2FB4-B85E-BBD9E1CD6188}.InEditor|WSA.ActiveCfg = InEditor|WSA
		{10862022-7A2D-2FB4-B85E-BBD9E1CD6188}.InEditor|WSA.Build.0 = InEditor|WSA
		{10862022-7A2D-2FB4-B85E-BBD9E1CD6188}.Player|Android.ActiveCfg = Player|Android
		{10862022-7A2D-2FB4-B85E-BBD9E1CD6188}.Player|Android.Build.0 = Player|Android
		{10862022-7A2D-2FB4-B85E-BBD9E1CD6188}.Player|iOS.ActiveCfg = Player|iOS
		{10862022-7A2D-2FB4-B85E-BBD9E1CD6188}.Player|iOS.Build.0 = Player|iOS
		{10862022-7A2D-2FB4-B85E-BBD9E1CD6188}.Player|WindowsStandalone32.ActiveCfg = Player|WindowsStandalone32
		{10862022-7A2D-2FB4-B85E-BBD9E1CD6188}.Player|WindowsStandalone64.ActiveCfg = Player|WindowsStandalone64
		{10862022-7A2D-2FB4-B85E-BBD9E1CD6188}.Player|WSA.ActiveCfg = Player|WSA
		{10862022-7A2D-2FB4-B85E-BBD9E1CD6188}.Player|WSA.Build.0 = Player|WSA
		{4ECF9FA3-92C9-4A74-F9FF-BC7B017EF850}.InEditor|Android.ActiveCfg = InEditor|Android
		{4ECF9FA3-92C9-4A74-F9FF-BC7B017EF850}.InEditor|Android.Build.0 = InEditor|Android
		{4ECF9FA3-92C9-4A74-F9FF-BC7B017EF850}.InEditor|iOS.ActiveCfg = InEditor|iOS
		{4ECF9FA3-92C9-4A74-F9FF-BC7B017EF850}.InEditor|iOS.Build.0 = InEditor|iOS
		{4ECF9FA3-92C9-4A74-F9FF-BC7B017EF850}.InEditor|WindowsStandalone32.ActiveCfg = InEditor|WindowsStandalone32
		{4ECF9FA3-92C9-4A74-F9FF-BC7B017EF850}.InEditor|WindowsStandalone32.Build.0 = InEditor|WindowsStandalone32
		{4ECF9FA3-92C9-4A74-F9FF-BC7B017EF850}.InEditor|WindowsStandalone64.ActiveCfg = InEditor|WindowsStandalone64
		{4ECF9FA3-92C9-4A74-F9FF-BC7B017EF850}.InEditor|WindowsStandalone64.Build.0 = InEditor|WindowsStandalone64
		{4ECF9FA3-92C9-4A74-F9FF-BC7B017EF850}.InEditor|WSA.ActiveCfg = InEditor|WSA
		{4ECF9FA3-92C9-4A74-F9FF-BC7B017EF850}.InEditor|WSA.Build.0 = InEditor|WSA
		{4ECF9FA3-92C9-4A74-F9FF-BC7B017EF850}.Player|Android.ActiveCfg = Player|Android
		{4ECF9FA3-92C9-4A74-F9FF-BC7B017EF850}.Player|iOS.ActiveCfg = Player|iOS
		{4ECF9FA3-92C9-4A74-F9FF-BC7B017EF850}.Player|WindowsStandalone32.ActiveCfg = Player|WindowsStandalone32
		{4ECF9FA3-92C9-4A74-F9FF-BC7B017EF850}.Player|WindowsStandalone64.ActiveCfg = Player|WindowsStandalone64
		{4ECF9FA3-92C9-4A74-F9FF-BC7B017EF850}.Player|WSA.ActiveCfg = Player|WSA
		{CDB3C7B2-A792-97B4-B836-472544D312E6}.InEditor|Android.ActiveCfg = InEditor|Android
		{CDB3C7B2-A792-97B4-B836-472544D312E6}.InEditor|Android.Build.0 = InEditor|Android
		{CDB3C7B2-A792-97B4-B836-472544D312E6}.InEditor|iOS.ActiveCfg = InEditor|iOS
		{CDB3C7B2-A792-97B4-B836-472544D312E6}.InEditor|iOS.Build.0 = InEditor|iOS
		{CDB3C7B2-A792-97B4-B836-472544D312E6}.InEditor|WindowsStandalone32.ActiveCfg = InEditor|WindowsStandalone32
		{CDB3C7B2-A792-97B4-B836-472544D312E6}.InEditor|WindowsStandalone32.Build.0 = InEditor|WindowsStandalone32
		{CDB3C7B2-A792-97B4-B836-472544D312E6}.InEditor|WindowsStandalone64.ActiveCfg = InEditor|WindowsStandalone64
		{CDB3C7B2-A792-97B4-B836-472544D312E6}.InEditor|WindowsStandalone64.Build.0 = InEditor|WindowsStandalone64
		{CDB3C7B2-A792-97B4-B836-472544D312E6}.InEditor|WSA.ActiveCfg = InEditor|WSA
		{CDB3C7B2-A792-97B4-B836-472544D312E6}.InEditor|WSA.Build.0 = InEditor|WSA
		{CDB3C7B2-A792-97B4-B836-472544D312E6}.Player|Android.ActiveCfg = Player|Android
		{CDB3C7B2-A792-97B4-B836-472544D312E6}.Player|Android.Build.0 = Player|Android
		{CDB3C7B2-A792-97B4-B836-472544D312E6}.Player|iOS.ActiveCfg = Player|iOS
		{CDB3C7B2-A792-97B4-B836-472544D312E6}.Player|iOS.Build.0 = Player|iOS
		{CDB3C7B2-A792-97B4-B836-472544D312E6}.Player|WindowsStandalone32.ActiveCfg = Player|WindowsStandalone32
		{CDB3C7B2-A792-97B4-B836-472544D312E6}.Player|WindowsStandalone64.ActiveCfg = Player|WindowsStandalone64
		{CDB3C7B2-A792-97B4-B836-472544D312E6}.Player|WSA.ActiveCfg = Player|WSA
		{CDB3C7B2-A792-97B4-B836-472544D312E6}.Player|WSA.Build.0 = Player|WSA
		{5CD06987-0390-6034-CB45-6604ECF8919F}.InEditor|Android.ActiveCfg = InEditor|Android
		{5CD06987-0390-6034-CB45-6604ECF8919F}.InEditor|Android.Build.0 = InEditor|Android
		{5CD06987-0390-6034-CB45-6604ECF8919F}.InEditor|iOS.ActiveCfg = InEditor|iOS
		{5CD06987-0390-6034-CB45-6604ECF8919F}.InEditor|iOS.Build.0 = InEditor|iOS
		{5CD06987-0390-6034-CB45-6604ECF8919F}.InEditor|WindowsStandalone32.ActiveCfg = InEditor|WindowsStandalone32
		{5CD06987-0390-6034-CB45-6604ECF8919F}.InEditor|WindowsStandalone32.Build.0 = InEditor|WindowsStandalone32
		{5CD06987-0390-6034-CB45-6604ECF8919F}.InEditor|WindowsStandalone64.ActiveCfg = InEditor|WindowsStandalone64
		{5CD06987-0390-6034-CB45-6604ECF8919F}.InEditor|WindowsStandalone64.Build.0 = InEditor|WindowsStandalone64
		{5CD06987-0390-6034-CB45-6604ECF8919F}.InEditor|WSA.ActiveCfg = InEditor|WSA
		{5CD06987-0390-6034-CB45-6604ECF8919F}.InEditor|WSA.Build.0 = InEditor|WSA
		{5CD06987-0390-6034-CB45-6604ECF8919F}.Player|Android.ActiveCfg = Player|Android
		{5CD06987-0390-6034-CB45-6604ECF8919F}.Player|iOS.ActiveCfg = Player|iOS
		{5CD06987-0390-6034-CB45-6604ECF8919F}.Player|WindowsStandalone32.ActiveCfg = Player|WindowsStandalone32
		{5CD06987-0390-6034-CB45-6604ECF8919F}.Player|WindowsStandalone64.ActiveCfg = Player|WindowsStandalone64
		{5CD06987-0390-6034-CB45-6604ECF8919F}.Player|WSA.ActiveCfg = Player|WSA
		{2426A099-181D-F8F4-0A73-894ABE74AA70}.InEditor|Android.ActiveCfg = InEditor|Android
		{2426A099-181D-F8F4-0A73-894ABE74AA70}.InEditor|Android.Build.0 = InEditor|Android
		{2426A099-181D-F8F4-0A73-894ABE74AA70}.InEditor|iOS.ActiveCfg = InEditor|iOS
		{2426A099-181D-F8F4-0A73-894ABE74AA70}.InEditor|iOS.Build.0 = InEditor|iOS
		{2426A099-181D-F8F4-0A73-894ABE74AA70}.InEditor|WindowsStandalone32.ActiveCfg = InEditor|WindowsStandalone32
		{2426A099-181D-F8F4-0A73-894ABE74AA70}.InEditor|WindowsStandalone32.Build.0 = InEditor|WindowsStandalone32
		{2426A099-181D-F8F4-0A73-894ABE74AA70}.InEditor|WindowsStandalone64.ActiveCfg = InEditor|WindowsStandalone64
		{2426A099-181D-F8F4-0A73-894ABE74AA70}.InEditor|WindowsStandalone64.Build.0 = InEditor|WindowsStandalone64
		{2426A099-181D-F8F4-0A73-894ABE74AA70}.InEditor|WSA.ActiveCfg = InEditor|WSA
		{2426A099-181D-F8F4-0A73-894ABE74AA70}.InEditor|WSA.Build.0 = InEditor|WSA
		{2426A099-181D-F8F4-0A73-894ABE74AA70}.Player|Android.ActiveCfg = Player|Android
		{2426A099-181D-F8F4-0A73-894ABE74AA70}.Player|iOS.ActiveCfg = Player|iOS
		{2426A099-181D-F8F4-0A73-894ABE74AA70}.Player|WindowsStandalone32.ActiveCfg = Player|WindowsStandalone32
		{2426A099-181D-F8F4-0A73-894ABE74AA70}.Player|WindowsStandalone64.ActiveCfg = Player|WindowsStandalone64
		{2426A099-181D-F8F4-0A73-894ABE74AA70}.Player|WSA.ActiveCfg = Player|WSA
		{5A45860E-3555-4921-9CDE-FB6D9945C4B8}.Debug|Any CPU.ActiveCfg = Debug|Any CPU
		{5A45860E-3555-4921-9CDE-FB6D9945C4B8}.Debug|Any CPU.Build.0 = Debug|Any CPU
		{5A45860E-3555-4921-9CDE-FB6D9945C4B8}.InEditor|Android.ActiveCfg = Debug|Any CPU
		{5A45860E-3555-4921-9CDE-FB6D9945C4B8}.InEditor|iOS.ActiveCfg = Debug|Any CPU
		{5A45860E-3555-4921-9CDE-FB6D9945C4B8}.InEditor|WindowsStandalone32.ActiveCfg = Debug|Any CPU
		{5A45860E-3555-4921-9CDE-FB6D9945C4B8}.InEditor|WindowsStandalone64.ActiveCfg = Debug|Any CPU
		{5A45860E-3555-4921-9CDE-FB6D9945C4B8}.InEditor|WSA.ActiveCfg = Debug|Any CPU
		{5A45860E-3555-4921-9CDE-FB6D9945C4B8}.Player|Android.ActiveCfg = Debug|Any CPU
		{5A45860E-3555-4921-9CDE-FB6D9945C4B8}.Player|iOS.ActiveCfg = Debug|Any CPU
		{5A45860E-3555-4921-9CDE-FB6D9945C4B8}.Player|WindowsStandalone32.ActiveCfg = Debug|Any CPU
		{5A45860E-3555-4921-9CDE-FB6D9945C4B8}.Player|WindowsStandalone64.ActiveCfg = Debug|Any CPU
		{5A45860E-3555-4921-9CDE-FB6D9945C4B8}.Player|WSA.ActiveCfg = Debug|Any CPU
		{5A45860E-3555-4921-9CDE-FB6D9945C4B8}.Release|Any CPU.ActiveCfg = Release|Any CPU
		{5A45860E-3555-4921-9CDE-FB6D9945C4B8}.Release|Any CPU.Build.0 = Release|Any CPU
	EndGlobalSection
	GlobalSection(SolutionProperties) = preSolution
		HideSolutionNode = FALSE
	EndGlobalSection
	GlobalSection(NestedProjects) = preSolution
		{D03624F0-2FD4-AEF4-AA6B-888A1B059AD7} = {91AB2FC0-D1D2-4BF1-8CE8-D160F619250B}
		{E40BA710-7685-3401-2815-D3193FA296CB} = {91AB2FC0-D1D2-4BF1-8CE8-D160F619250B}
		{BA171B3D-D2A5-1234-AB86-4770F99741A5} = {91AB2FC0-D1D2-4BF1-8CE8-D160F619250B}
		{2BAFAC87-E7F4-B9B4-18D9-448D219B01AB} = {2C55BECF-70C1-4F9E-A90C-9E7F7688C9C4}
		{27619889-B8BA-8C24-980F-49EE34DBB44A} = {91AB2FC0-D1D2-4BF1-8CE8-D160F619250B}
		{92703082-F92B-41BA-80F0-D6912DE66115} = {91AB2FC0-D1D2-4BF1-8CE8-D160F619250B}
		{6055BE8E-BEFD-69E4-8B49-212B09B47B2F} = {91AB2FC0-D1D2-4BF1-8CE8-D160F619250B}
		{A9420E37-D799-0B54-ABDE-F6688EDBE313} = {91AB2FC0-D1D2-4BF1-8CE8-D160F619250B}
	EndGlobalSection
	GlobalSection(ExtensibilityGlobals) = postSolution
		SolutionGuid = {043E3C94-EE7E-405D-AF1F-0FD50855F440}
	EndGlobalSection
	GlobalSection(SolutionNotes) = postSolution
		{91AB2FC0-D1D2-4BF1-8CE8-D160F619250B} = msb4u.generated
		{2C55BECF-70C1-4F9E-A90C-9E7F7688C9C4} = msb4u.generated
		{055E7751-2989-6F04-9AAA-B953A244DF1C} = msb4u.generated
		{396E9E35-90CE-FD44-198C-D1E642263F09} = msb4u.generated
		{D03624F0-2FD4-AEF4-AA6B-888A1B059AD7} = msb4u.generated
		{E40BA710-7685-3401-2815-D3193FA296CB} = msb4u.generated
		{BA171B3D-D2A5-1234-AB86-4770F99741A5} = msb4u.generated
		{B14DD205-870C-0654-2A9D-D3D90FD967CB} = msb4u.generated
		{2BAFAC87-E7F4-B9B4-18D9-448D219B01AB} = msb4u.generated
		{27619889-B8BA-8C24-980F-49EE34DBB44A} = msb4u.generated
		{92703082-F92B-41BA-80F0-D6912DE66115} = msb4u.generated
		{6055BE8E-BEFD-69E4-8B49-212B09B47B2F} = msb4u.generated
		{A9420E37-D799-0B54-ABDE-F6688EDBE313} = msb4u.generated
		{10862022-7A2D-2FB4-B85E-BBD9E1CD6188} = msb4u.generated
		{4ECF9FA3-92C9-4A74-F9FF-BC7B017EF850} = msb4u.generated
		{CDB3C7B2-A792-97B4-B836-472544D312E6} = msb4u.generated
		{5CD06987-0390-6034-CB45-6604ECF8919F} = msb4u.generated
		{2426A099-181D-F8F4-0A73-894ABE74AA70} = msb4u.generated
		{5A45860E-3555-4921-9CDE-FB6D9945C4B8} = msb4u.generated
	EndGlobalSection
EndGlobal
